// !$*UTF8*$!
{
	archiveVersion = 1;
	classes = {
	};
	objectVersion = 46;
	objects = {

/* Begin PBXBuildFile section */
		1508EEC71FF4C90C003CF526 /* SWWheelSettings.swift in Sources */ = {isa = PBXBuildFile; fileRef = 1508EEC61FF4C90C003CF526 /* SWWheelSettings.swift */; };
		1508EEC91FF4E995003CF526 /* SWSpoke.swift in Sources */ = {isa = PBXBuildFile; fileRef = 1508EEC81FF4E995003CF526 /* SWSpoke.swift */; };
		150FB1C71FF8CA65003F2601 /* SWAbstractWheelView.swift in Sources */ = {isa = PBXBuildFile; fileRef = 150FB1C61FF8CA65003F2601 /* SWAbstractWheelView.swift */; };
		150FB1CA1FFA2C05003F2601 /* SWAbstractWheelDelegate.swift in Sources */ = {isa = PBXBuildFile; fileRef = 150FB1C91FFA2C05003F2601 /* SWAbstractWheelDelegate.swift */; };
		15119298207B67D200D93751 /* StepsViewController.swift in Sources */ = {isa = PBXBuildFile; fileRef = 15119297207B67D200D93751 /* StepsViewController.swift */; };
		1511929A207C748400D93751 /* SWStepsAssembler.swift in Sources */ = {isa = PBXBuildFile; fileRef = 15119299207C748400D93751 /* SWStepsAssembler.swift */; };
		1511929C207C74C900D93751 /* SWConcreteStepsAssembler.swift in Sources */ = {isa = PBXBuildFile; fileRef = 1511929B207C74C900D93751 /* SWConcreteStepsAssembler.swift */; };
		1511929E207CC6E500D93751 /* SWFeedbackService.swift in Sources */ = {isa = PBXBuildFile; fileRef = 1511929D207CC6E400D93751 /* SWFeedbackService.swift */; };
		151192A0207CC79700D93751 /* SWFeedbackOverHttpService.swift in Sources */ = {isa = PBXBuildFile; fileRef = 1511929F207CC79700D93751 /* SWFeedbackOverHttpService.swift */; };
		151192A2207DC67000D93751 /* UITextField.swift in Sources */ = {isa = PBXBuildFile; fileRef = 151192A1207DC67000D93751 /* UITextField.swift */; };
		151AFE3F1F77B92E00CC5357 /* SVState.swift in Sources */ = {isa = PBXBuildFile; fileRef = 151AFE3E1F77B92E00CC5357 /* SVState.swift */; };
		151AFE451F8A858200CC5357 /* WSettings.swift in Sources */ = {isa = PBXBuildFile; fileRef = 151AFE441F8A858200CC5357 /* WSettings.swift */; };
		151AFE491FA119FD00CC5357 /* UIImage.swift in Sources */ = {isa = PBXBuildFile; fileRef = 151AFE481FA119FD00CC5357 /* UIImage.swift */; };
		151C425C20CCF18F00582268 /* SWSwipeGestureRecognizer-2.swift in Sources */ = {isa = PBXBuildFile; fileRef = 151C425B20CCF18F00582268 /* SWSwipeGestureRecognizer-2.swift */; };
		1525FE621FDA6BA0001CABF6 /* FloatingSelectedView.swift in Sources */ = {isa = PBXBuildFile; fileRef = 1525FE611FDA6BA0001CABF6 /* FloatingSelectedView.swift */; };
		15456D581FC0116C0018A1CD /* UIView.swift in Sources */ = {isa = PBXBuildFile; fileRef = 15456D571FC0116C0018A1CD /* UIView.swift */; };
		15456D5A1FC0263A0018A1CD /* CGRect.swift in Sources */ = {isa = PBXBuildFile; fileRef = 15456D591FC0263A0018A1CD /* CGRect.swift */; };
		15456D5E1FC0292F0018A1CD /* UIButton.swift in Sources */ = {isa = PBXBuildFile; fileRef = 15456D5D1FC0292F0018A1CD /* UIButton.swift */; };
		15456D641FC94B320018A1CD /* PointerController.swift in Sources */ = {isa = PBXBuildFile; fileRef = 15456D631FC94B320018A1CD /* PointerController.swift */; };
		15456D661FC978C60018A1CD /* UIFont.swift in Sources */ = {isa = PBXBuildFile; fileRef = 15456D651FC978C60018A1CD /* UIFont.swift */; };
		15456D6A1FCAB8670018A1CD /* SWIngredientKinds.swift in Sources */ = {isa = PBXBuildFile; fileRef = 15456D691FCAB8670018A1CD /* SWIngredientKinds.swift */; };
		15456D6C1FCB0DA10018A1CD /* SWIngredient.swift in Sources */ = {isa = PBXBuildFile; fileRef = 15456D6B1FCB0DA10018A1CD /* SWIngredient.swift */; };
		15456D6E1FCBD9910018A1CD /* SelectionController.swift in Sources */ = {isa = PBXBuildFile; fileRef = 15456D6D1FCBD9910018A1CD /* SelectionController.swift */; };
		15456D731FD2862B0018A1CD /* TransparentView.swift in Sources */ = {isa = PBXBuildFile; fileRef = 15456D721FD2862B0018A1CD /* TransparentView.swift */; };
		15456D751FD692C10018A1CD /* UIScrollView.swift in Sources */ = {isa = PBXBuildFile; fileRef = 15456D741FD692C10018A1CD /* UIScrollView.swift */; };
		15456D771FD6D82E0018A1CD /* SelectedHolderView.swift in Sources */ = {isa = PBXBuildFile; fileRef = 15456D761FD6D82E0018A1CD /* SelectedHolderView.swift */; };
		15456D791FD7E0880018A1CD /* CGPoint.swift in Sources */ = {isa = PBXBuildFile; fileRef = 15456D781FD7E0880018A1CD /* CGPoint.swift */; };
		15456D7D1FD9E0130018A1CD /* FloatingSelectedViewStates.swift in Sources */ = {isa = PBXBuildFile; fileRef = 15456D7C1FD9E0130018A1CD /* FloatingSelectedViewStates.swift */; };
		1547C2A91FB968CD009C8320 /* UIColor.swift in Sources */ = {isa = PBXBuildFile; fileRef = 1547C2A81FB968CD009C8320 /* UIColor.swift */; };
		154B44842000B33400E80DAF /* SWRingMaskDelegate.swift in Sources */ = {isa = PBXBuildFile; fileRef = 154B44832000B33400E80DAF /* SWRingMaskDelegate.swift */; };
		154B44862000B5B100E80DAF /* SWWheelViewAbstracted.swift in Sources */ = {isa = PBXBuildFile; fileRef = 154B44852000B5B100E80DAF /* SWWheelViewAbstracted.swift */; };
		154DF0B1201AFCDB00B8391A /* NSDataAsset.swift in Sources */ = {isa = PBXBuildFile; fileRef = 154DF0B0201AFCDB00B8391A /* NSDataAsset.swift */; };
		154DF0B3201C5C2B00B8391A /* NSAttributedString.swift in Sources */ = {isa = PBXBuildFile; fileRef = 154DF0B2201C5C2B00B8391A /* NSAttributedString.swift */; };
		154DF0B5201C5CBE00B8391A /* UILabel.swift in Sources */ = {isa = PBXBuildFile; fileRef = 154DF0B4201C5CBE00B8391A /* UILabel.swift */; };
		155BEC2C1FEB8C6E00E749B5 /* ToOverlayButton.swift in Sources */ = {isa = PBXBuildFile; fileRef = 155BEC2B1FEB8C6E00E749B5 /* ToOverlayButton.swift */; };
		155BEC2F1FEFC93E00E749B5 /* OptionsController.swift in Sources */ = {isa = PBXBuildFile; fileRef = 155BEC2E1FEFC93E00E749B5 /* OptionsController.swift */; };
		155BEC311FF02F5800E749B5 /* OptionsDelegate.swift in Sources */ = {isa = PBXBuildFile; fileRef = 155BEC301FF02F5800E749B5 /* OptionsDelegate.swift */; };
		155BEC331FF0300000E749B5 /* OptionsActions.swift in Sources */ = {isa = PBXBuildFile; fileRef = 155BEC321FF0300000E749B5 /* OptionsActions.swift */; };
		156B0BCD20395E0900CFEEA4 /* SWIngredientRepository.swift in Sources */ = {isa = PBXBuildFile; fileRef = 156B0BCC20395E0900CFEEA4 /* SWIngredientRepository.swift */; };
		156B0BCF20395E8000CFEEA4 /* SWInmemoryIngredientRepository.swift in Sources */ = {isa = PBXBuildFile; fileRef = 156B0BCE20395E8000CFEEA4 /* SWInmemoryIngredientRepository.swift */; };
		156B0BD1203961FB00CFEEA4 /* SWAppState.swift in Sources */ = {isa = PBXBuildFile; fileRef = 156B0BD0203961FB00CFEEA4 /* SWAppState.swift */; };
		156B0BD32039626000CFEEA4 /* SWAppStateRepository.swift in Sources */ = {isa = PBXBuildFile; fileRef = 156B0BD22039626000CFEEA4 /* SWAppStateRepository.swift */; };
		156B0BD5203962A100CFEEA4 /* SWInmemoryAppStateRepository.swift in Sources */ = {isa = PBXBuildFile; fileRef = 156B0BD4203962A100CFEEA4 /* SWInmemoryAppStateRepository.swift */; };
		156B0BD72039632900CFEEA4 /* SWAfterlaunchAssembler.swift in Sources */ = {isa = PBXBuildFile; fileRef = 156B0BD62039632900CFEEA4 /* SWAfterlaunchAssembler.swift */; };
		156B0BD9203963A100CFEEA4 /* SWConcreteAfterlaunchAssembler.swift in Sources */ = {isa = PBXBuildFile; fileRef = 156B0BD8203963A100CFEEA4 /* SWConcreteAfterlaunchAssembler.swift */; };
		156B0BDC2039673200CFEEA4 /* AfterlaunchViewController.swift in Sources */ = {isa = PBXBuildFile; fileRef = 156B0BDB2039673200CFEEA4 /* AfterlaunchViewController.swift */; };
		156B0BDE20396CF700CFEEA4 /* SWOnboardingAssembler.swift in Sources */ = {isa = PBXBuildFile; fileRef = 156B0BDD20396CF700CFEEA4 /* SWOnboardingAssembler.swift */; };
		156B0BE020396DE100CFEEA4 /* SWSegue.swift in Sources */ = {isa = PBXBuildFile; fileRef = 156B0BDF20396DE100CFEEA4 /* SWSegue.swift */; };
		156B0BE220396E1A00CFEEA4 /* SWSegueRepository.swift in Sources */ = {isa = PBXBuildFile; fileRef = 156B0BE120396E1A00CFEEA4 /* SWSegueRepository.swift */; };
		156B0BE420396E7E00CFEEA4 /* SWInmemorySegueRepository.swift in Sources */ = {isa = PBXBuildFile; fileRef = 156B0BE320396E7E00CFEEA4 /* SWInmemorySegueRepository.swift */; };
		156B0BE62039709000CFEEA4 /* SWWheelsAssembler.swift in Sources */ = {isa = PBXBuildFile; fileRef = 156B0BE52039709000CFEEA4 /* SWWheelsAssembler.swift */; };
		156B0BE82039717500CFEEA4 /* SWConcreteWheelsAssembler.swift in Sources */ = {isa = PBXBuildFile; fileRef = 156B0BE72039717500CFEEA4 /* SWConcreteWheelsAssembler.swift */; };
		156B0BEA2039799F00CFEEA4 /* SWConcreteOnboardingAssembler.swift in Sources */ = {isa = PBXBuildFile; fileRef = 156B0BE92039799F00CFEEA4 /* SWConcreteOnboardingAssembler.swift */; };
		1583878C202ACFD7001E4008 /* UIBarButtonItem.swift in Sources */ = {isa = PBXBuildFile; fileRef = 1583878B202ACFD7001E4008 /* UIBarButtonItem.swift */; };
		15838792202ED7A3001E4008 /* FilterViewController.swift in Sources */ = {isa = PBXBuildFile; fileRef = 15838791202ED7A3001E4008 /* FilterViewController.swift */; };
		15838794202EE724001E4008 /* SWIngrigientsOptionView.swift in Sources */ = {isa = PBXBuildFile; fileRef = 15838793202EE724001E4008 /* SWIngrigientsOptionView.swift */; };
		1583879620303F51001E4008 /* SWHeaderOptionView.swift in Sources */ = {isa = PBXBuildFile; fileRef = 1583879520303F51001E4008 /* SWHeaderOptionView.swift */; };
		15838798203043B8001E4008 /* SWAlignableProtocol.swift in Sources */ = {isa = PBXBuildFile; fileRef = 15838797203043B8001E4008 /* SWAlignableProtocol.swift */; };
		1583879A203045A8001E4008 /* SWAllergiesOptionView.swift in Sources */ = {isa = PBXBuildFile; fileRef = 15838799203045A8001E4008 /* SWAllergiesOptionView.swift */; };
		1583879D2033FEA7001E4008 /* SWOptionType.swift in Sources */ = {isa = PBXBuildFile; fileRef = 1583879C2033FEA7001E4008 /* SWOptionType.swift */; };
		1583879F2033FEE8001E4008 /* SWOption.swift in Sources */ = {isa = PBXBuildFile; fileRef = 1583879E2033FEE8001E4008 /* SWOption.swift */; };
		158387A220340371001E4008 /* SWOptionRepository.swift in Sources */ = {isa = PBXBuildFile; fileRef = 158387A120340371001E4008 /* SWOptionRepository.swift */; };
		158387A4203403F9001E4008 /* SWInmemoryOptionRepository.swift in Sources */ = {isa = PBXBuildFile; fileRef = 158387A3203403F9001E4008 /* SWInmemoryOptionRepository.swift */; };
		158387A7203409B9001E4008 /* SWRootAssembler.swift in Sources */ = {isa = PBXBuildFile; fileRef = 158387A6203409B9001E4008 /* SWRootAssembler.swift */; };
		158387A920340DBC001E4008 /* SWContext.swift in Sources */ = {isa = PBXBuildFile; fileRef = 158387A820340DBC001E4008 /* SWContext.swift */; };
		158387AB20340F2A001E4008 /* SWConcreteRootAssembler.swift in Sources */ = {isa = PBXBuildFile; fileRef = 158387AA20340F2A001E4008 /* SWConcreteRootAssembler.swift */; };
		158387AD203554A7001E4008 /* String.swift in Sources */ = {isa = PBXBuildFile; fileRef = 158387AC203554A7001E4008 /* String.swift */; };
		159C87E1209ACD6B004436FE /* SWSwipeGestureRecognizer.swift in Sources */ = {isa = PBXBuildFile; fileRef = 159C87E0209ACD6B004436FE /* SWSwipeGestureRecognizer.swift */; };
		159C87E520A98F0B004436FE /* SWSwipeDelegate.swift in Sources */ = {isa = PBXBuildFile; fileRef = 159C87E420A98F0B004436FE /* SWSwipeDelegate.swift */; };
		15A25812208B133200F738B5 /* SWTipGenerator.swift in Sources */ = {isa = PBXBuildFile; fileRef = 15A25811208B133200F738B5 /* SWTipGenerator.swift */; };
		15A25814208B134500F738B5 /* SWConcreteTipGenerator.swift in Sources */ = {isa = PBXBuildFile; fileRef = 15A25813208B134500F738B5 /* SWConcreteTipGenerator.swift */; };
		15A25817208B2B2A00F738B5 /* SWTransparentViewDelegate.swift in Sources */ = {isa = PBXBuildFile; fileRef = 15A25816208B2B2A00F738B5 /* SWTransparentViewDelegate.swift */; };
		15A2581B208CA9D200F738B5 /* SWProtebaseNameGenerator.swift in Sources */ = {isa = PBXBuildFile; fileRef = 15A2581A208CA9D200F738B5 /* SWProtebaseNameGenerator.swift */; };
		15A2581D208CACF800F738B5 /* SWFilterAssembler.swift in Sources */ = {isa = PBXBuildFile; fileRef = 15A2581C208CACF800F738B5 /* SWFilterAssembler.swift */; };
		15A2581F208CAD3400F738B5 /* SWConcreteFilterAssembler.swift in Sources */ = {isa = PBXBuildFile; fileRef = 15A2581E208CAD3400F738B5 /* SWConcreteFilterAssembler.swift */; };
		15A25821208CBA6D00F738B5 /* SWDebugger.swift in Sources */ = {isa = PBXBuildFile; fileRef = 15A25820208CBA6D00F738B5 /* SWDebugger.swift */; };
		15A258992093835000F738B5 /* SWMoreButton.swift in Sources */ = {isa = PBXBuildFile; fileRef = 15A258982093835000F738B5 /* SWMoreButton.swift */; };
		15A2589B20938DB200F738B5 /* SWLessButton.swift in Sources */ = {isa = PBXBuildFile; fileRef = 15A2589A20938DB200F738B5 /* SWLessButton.swift */; };
		15A2589D2093933E00F738B5 /* SWOptionAligner.swift in Sources */ = {isa = PBXBuildFile; fileRef = 15A2589C2093933E00F738B5 /* SWOptionAligner.swift */; };
		15A2589F2093942500F738B5 /* SWConcreteOptionAligner.swift in Sources */ = {isa = PBXBuildFile; fileRef = 15A2589E2093942500F738B5 /* SWConcreteOptionAligner.swift */; };
		15A73CA11FB62B0800E3BB01 /* WState.swift in Sources */ = {isa = PBXBuildFile; fileRef = 15A73CA01FB62B0800E3BB01 /* WState.swift */; };
		15A77A0B1FFB533B0030304F /* SWAbstractWheelController.swift in Sources */ = {isa = PBXBuildFile; fileRef = 15A77A0A1FFB533B0030304F /* SWAbstractWheelController.swift */; };
		15A77A0F1FFC25410030304F /* SWWheelView.swift in Sources */ = {isa = PBXBuildFile; fileRef = 15A77A0E1FFC25410030304F /* SWWheelView.swift */; };
		15A77A11200019150030304F /* SWRingMaskView.swift in Sources */ = {isa = PBXBuildFile; fileRef = 15A77A10200019150030304F /* SWRingMaskView.swift */; };
		15B00C3C200B3C2D002B93A8 /* OnboardingViewController.swift in Sources */ = {isa = PBXBuildFile; fileRef = 15B00C3B200B3C2D002B93A8 /* OnboardingViewController.swift */; };
		15B00C3F200B3E89002B93A8 /* SWPagerStates.swift in Sources */ = {isa = PBXBuildFile; fileRef = 15B00C3E200B3E89002B93A8 /* SWPagerStates.swift */; };
		15B00C41200B489F002B93A8 /* SWPagerController.swift in Sources */ = {isa = PBXBuildFile; fileRef = 15B00C40200B489F002B93A8 /* SWPagerController.swift */; };
		15BA801C203A9BE900596CC8 /* CGFloat.swift in Sources */ = {isa = PBXBuildFile; fileRef = 15BA801B203A9BE800596CC8 /* CGFloat.swift */; };
		15BA801E203BF46400596CC8 /* SWBlocking.swift in Sources */ = {isa = PBXBuildFile; fileRef = 15BA801D203BF46400596CC8 /* SWBlocking.swift */; };
		15BA8020203BF57F00596CC8 /* SWBlockingRepository.swift in Sources */ = {isa = PBXBuildFile; fileRef = 15BA801F203BF57F00596CC8 /* SWBlockingRepository.swift */; };
		15BA8022203C01F200596CC8 /* SWInmemoryBlockingRepository.swift in Sources */ = {isa = PBXBuildFile; fileRef = 15BA8021203C01F200596CC8 /* SWInmemoryBlockingRepository.swift */; };
		15BA8024203D3ABD00596CC8 /* SWAbstractWheelControllerDelegate.swift in Sources */ = {isa = PBXBuildFile; fileRef = 15BA8023203D3ABD00596CC8 /* SWAbstractWheelControllerDelegate.swift */; };
		15BA8026203FDAF900596CC8 /* SWWheelPositionCalculator.swift in Sources */ = {isa = PBXBuildFile; fileRef = 15BA8025203FDAF900596CC8 /* SWWheelPositionCalculator.swift */; };
		15BA80292041445100596CC8 /* RecipyViewController.swift in Sources */ = {isa = PBXBuildFile; fileRef = 15BA80282041445100596CC8 /* RecipyViewController.swift */; };
		15BA802B204144C200596CC8 /* SWRecipyAssembler.swift in Sources */ = {isa = PBXBuildFile; fileRef = 15BA802A204144C200596CC8 /* SWRecipyAssembler.swift */; };
		15BA802D2041450D00596CC8 /* SWConcreteRecipyAssembler.swift in Sources */ = {isa = PBXBuildFile; fileRef = 15BA802C2041450D00596CC8 /* SWConcreteRecipyAssembler.swift */; };
		15BA802F204146A900596CC8 /* SWRecipy.swift in Sources */ = {isa = PBXBuildFile; fileRef = 15BA802E204146A900596CC8 /* SWRecipy.swift */; };
		15BA8031204147C700596CC8 /* SWComponent.swift in Sources */ = {isa = PBXBuildFile; fileRef = 15BA8030204147C700596CC8 /* SWComponent.swift */; };
		15BA803320414B5000596CC8 /* SWRecipyRepository.swift in Sources */ = {isa = PBXBuildFile; fileRef = 15BA803220414B5000596CC8 /* SWRecipyRepository.swift */; };
		15BA803520414BB200596CC8 /* SWInmemoryRecipyRepository.swift in Sources */ = {isa = PBXBuildFile; fileRef = 15BA803420414BB200596CC8 /* SWInmemoryRecipyRepository.swift */; };
		15BA803720414E8F00596CC8 /* SWComponentRepository.swift in Sources */ = {isa = PBXBuildFile; fileRef = 15BA803620414E8F00596CC8 /* SWComponentRepository.swift */; };
		15BA803920414EFF00596CC8 /* SWInmemoryComponentRepository.swift in Sources */ = {isa = PBXBuildFile; fileRef = 15BA803820414EFF00596CC8 /* SWInmemoryComponentRepository.swift */; };
		15BA803C2041F23800596CC8 /* SWNameGenerator.swift in Sources */ = {isa = PBXBuildFile; fileRef = 15BA803B2041F23800596CC8 /* SWNameGenerator.swift */; };
		15BA803E2041F28B00596CC8 /* SWConcreteNameGenerator.swift in Sources */ = {isa = PBXBuildFile; fileRef = 15BA803D2041F28B00596CC8 /* SWConcreteNameGenerator.swift */; };
		15BA80402041F5B200596CC8 /* Int.swift in Sources */ = {isa = PBXBuildFile; fileRef = 15BA803F2041F5B200596CC8 /* Int.swift */; };
		15BA8044204813CC00596CC8 /* SWRecipyIngridientView.swift in Sources */ = {isa = PBXBuildFile; fileRef = 15BA8043204813CC00596CC8 /* SWRecipyIngridientView.swift */; };
		15BB5A4B1FE6513A003816AF /* SelectionState.swift in Sources */ = {isa = PBXBuildFile; fileRef = 15BB5A4A1FE6513A003816AF /* SelectionState.swift */; };
		15BB5A4D1FE6714D003816AF /* SelectionDelegate.swift in Sources */ = {isa = PBXBuildFile; fileRef = 15BB5A4C1FE6714D003816AF /* SelectionDelegate.swift */; };
		15BBE175200A80D20050878B /* SWConfiguration.swift in Sources */ = {isa = PBXBuildFile; fileRef = 15BBE174200A80D20050878B /* SWConfiguration.swift */; };
		15C91AE820AFF06F003AD754 /* SWDismissAnimationController.swift in Sources */ = {isa = PBXBuildFile; fileRef = 15C91AE720AFF06F003AD754 /* SWDismissAnimationController.swift */; };
		15C91AEC20B52A0C003AD754 /* SWNavigationController.swift in Sources */ = {isa = PBXBuildFile; fileRef = 15C91AEB20B52A0C003AD754 /* SWNavigationController.swift */; };
		15C91AEE20B52EB1003AD754 /* SWSwipeInteractiveTransition.swift in Sources */ = {isa = PBXBuildFile; fileRef = 15C91AED20B52EB1003AD754 /* SWSwipeInteractiveTransition.swift */; };
		15C91AF420C2697B003AD754 /* SWDismissableViewController.swift in Sources */ = {isa = PBXBuildFile; fileRef = 15C91AF320C2697B003AD754 /* SWDismissableViewController.swift */; };
		15D13D2A204E79B400D44923 /* SWMeasuresment.swift in Sources */ = {isa = PBXBuildFile; fileRef = 15D13D29204E79B400D44923 /* SWMeasuresment.swift */; };
		15D13D2C204E7A9600D44923 /* SWMeasuresmentRepository.swift in Sources */ = {isa = PBXBuildFile; fileRef = 15D13D2B204E7A9600D44923 /* SWMeasuresmentRepository.swift */; };
		15D13D2E204E7B2400D44923 /* SWInmemoryMeasuresmentRepository.swift in Sources */ = {isa = PBXBuildFile; fileRef = 15D13D2D204E7B2400D44923 /* SWInmemoryMeasuresmentRepository.swift */; };
		15D13D30204E7BA100D44923 /* SWIngredientStats.swift in Sources */ = {isa = PBXBuildFile; fileRef = 15D13D2F204E7BA100D44923 /* SWIngredientStats.swift */; };
		15D13D32204E88D400D44923 /* SWIngredientStatsRepository.swift in Sources */ = {isa = PBXBuildFile; fileRef = 15D13D31204E88D400D44923 /* SWIngredientStatsRepository.swift */; };
		15D13D34204E894600D44923 /* SWInmemoryIngredientStatsRepository.swift in Sources */ = {isa = PBXBuildFile; fileRef = 15D13D33204E894600D44923 /* SWInmemoryIngredientStatsRepository.swift */; };
		15D13D36204EEBA300D44923 /* SWRecipyServingsCounter.swift in Sources */ = {isa = PBXBuildFile; fileRef = 15D13D35204EEBA300D44923 /* SWRecipyServingsCounter.swift */; };
		15D13D38204EEC0100D44923 /* SWServingsGenerator.swift in Sources */ = {isa = PBXBuildFile; fileRef = 15D13D37204EEC0100D44923 /* SWServingsGenerator.swift */; };
		15D13D3A204EEC4C00D44923 /* SWConcreteServingsGenerator.swift in Sources */ = {isa = PBXBuildFile; fileRef = 15D13D39204EEC4C00D44923 /* SWConcreteServingsGenerator.swift */; };
		15D13D3C20529BED00D44923 /* SWRecipyStatsView.swift in Sources */ = {isa = PBXBuildFile; fileRef = 15D13D3B20529BED00D44923 /* SWRecipyStatsView.swift */; };
		15D13D3E2052C68B00D44923 /* SWRecipyListGenerator.swift in Sources */ = {isa = PBXBuildFile; fileRef = 15D13D3D2052C68B00D44923 /* SWRecipyListGenerator.swift */; };
		15D13D402052C7C300D44923 /* SWConcreteRecipyListGenerator.swift in Sources */ = {isa = PBXBuildFile; fileRef = 15D13D3F2052C7C300D44923 /* SWConcreteRecipyListGenerator.swift */; };
		15D13D422052CF4500D44923 /* SWRecipyListView.swift in Sources */ = {isa = PBXBuildFile; fileRef = 15D13D412052CF4500D44923 /* SWRecipyListView.swift */; };
		15D13D442053EF4200D44923 /* SWRecipyBroccoliView.swift in Sources */ = {isa = PBXBuildFile; fileRef = 15D13D432053EF4200D44923 /* SWRecipyBroccoliView.swift */; };
		15D13D462054128700D44923 /* SWWheelsAligner.swift in Sources */ = {isa = PBXBuildFile; fileRef = 15D13D452054128700D44923 /* SWWheelsAligner.swift */; };
		15D13D482054135600D44923 /* SWWideWheelsAligner.swift in Sources */ = {isa = PBXBuildFile; fileRef = 15D13D472054135600D44923 /* SWWideWheelsAligner.swift */; };
		15D13D4A20564A8B00D44923 /* SWLocksController.swift in Sources */ = {isa = PBXBuildFile; fileRef = 15D13D4920564A8B00D44923 /* SWLocksController.swift */; };
		15D13D4C2057A03700D44923 /* SWNarrowWheelsAligner.swift in Sources */ = {isa = PBXBuildFile; fileRef = 15D13D4B2057A03700D44923 /* SWNarrowWheelsAligner.swift */; };
		15D13D4E2057CFE900D44923 /* SWOverlayController.swift in Sources */ = {isa = PBXBuildFile; fileRef = 15D13D4D2057CFE800D44923 /* SWOverlayController.swift */; };
		15D13D5020581EA600D44923 /* SWTranslatedOverlayController.swift in Sources */ = {isa = PBXBuildFile; fileRef = 15D13D4F20581EA500D44923 /* SWTranslatedOverlayController.swift */; };
		15DF42061FDD3BCC00B6CC62 /* OverlayControllerDelegate.swift in Sources */ = {isa = PBXBuildFile; fileRef = 15DF42051FDD3BCC00B6CC62 /* OverlayControllerDelegate.swift */; };
		15DF420A1FDE9C2C00B6CC62 /* NamedPinView.swift in Sources */ = {isa = PBXBuildFile; fileRef = 15DF42091FDE9C2C00B6CC62 /* NamedPinView.swift */; };
		15DF420C1FE1352B00B6CC62 /* Floatable.swift in Sources */ = {isa = PBXBuildFile; fileRef = 15DF420B1FE1352B00B6CC62 /* Floatable.swift */; };
		15F0BB341F404FCC006F646E /* AppDelegate.swift in Sources */ = {isa = PBXBuildFile; fileRef = 15F0BB331F404FCC006F646E /* AppDelegate.swift */; };
		15F0BB361F404FCC006F646E /* WheelsViewController.swift in Sources */ = {isa = PBXBuildFile; fileRef = 15F0BB351F404FCC006F646E /* WheelsViewController.swift */; };
		15F0BB391F404FCC006F646E /* Main.storyboard in Resources */ = {isa = PBXBuildFile; fileRef = 15F0BB371F404FCC006F646E /* Main.storyboard */; };
		15F0BB3B1F404FCC006F646E /* Assets.xcassets in Resources */ = {isa = PBXBuildFile; fileRef = 15F0BB3A1F404FCC006F646E /* Assets.xcassets */; };
		15F0BB3E1F404FCC006F646E /* LaunchScreen.storyboard in Resources */ = {isa = PBXBuildFile; fileRef = 15F0BB3C1F404FCC006F646E /* LaunchScreen.storyboard */; };
		15F0BB491F404FCC006F646E /* WheelTests.swift in Sources */ = {isa = PBXBuildFile; fileRef = 15F0BB481F404FCC006F646E /* WheelTests.swift */; };
		15F0BB541F404FCC006F646E /* WheelUITests.swift in Sources */ = {isa = PBXBuildFile; fileRef = 15F0BB531F404FCC006F646E /* WheelUITests.swift */; };
		15F43C411FA99CA700732CED /* PinView.swift in Sources */ = {isa = PBXBuildFile; fileRef = 15F43C401FA99CA700732CED /* PinView.swift */; };
		15F43C431FA99D4E00732CED /* PVDelegate.swift in Sources */ = {isa = PBXBuildFile; fileRef = 15F43C421FA99D4E00732CED /* PVDelegate.swift */; };
		15F43C451FAF655100732CED /* CGSize.swift in Sources */ = {isa = PBXBuildFile; fileRef = 15F43C441FAF655100732CED /* CGSize.swift */; };
		15F4AF2E2011E6AD00C486FF /* SWBowlSceneController.swift in Sources */ = {isa = PBXBuildFile; fileRef = 15F4AF2D2011E6AD00C486FF /* SWBowlSceneController.swift */; };
		15F4AF302011E82F00C486FF /* SWBowlSceneView.swift in Sources */ = {isa = PBXBuildFile; fileRef = 15F4AF2F2011E82F00C486FF /* SWBowlSceneView.swift */; };
		15F4AF322013426F00C486FF /* SWBowlActSteps.swift in Sources */ = {isa = PBXBuildFile; fileRef = 15F4AF312013426F00C486FF /* SWBowlActSteps.swift */; };
		15F4AF34201344B200C486FF /* SWBowlActParams.swift in Sources */ = {isa = PBXBuildFile; fileRef = 15F4AF33201344B200C486FF /* SWBowlActParams.swift */; };
		15F4AF39201702E100C486FF /* SWBowlActStory.swift in Sources */ = {isa = PBXBuildFile; fileRef = 15F4AF38201702E000C486FF /* SWBowlActStory.swift */; };
		15F5D6202080747B00462DE7 /* SWValidationLine.swift in Sources */ = {isa = PBXBuildFile; fileRef = 15F5D61F2080747B00462DE7 /* SWValidationLine.swift */; };
		15F5D6222080782400462DE7 /* SWValidatedInputStates.swift in Sources */ = {isa = PBXBuildFile; fileRef = 15F5D6212080782400462DE7 /* SWValidatedInputStates.swift */; };
		15F5D62420848CA600462DE7 /* SWBowlTimeline.swift in Sources */ = {isa = PBXBuildFile; fileRef = 15F5D62320848CA600462DE7 /* SWBowlTimeline.swift */; };
		15F5D6272084981D00462DE7 /* SWBowlTimelineRepository.swift in Sources */ = {isa = PBXBuildFile; fileRef = 15F5D6262084981D00462DE7 /* SWBowlTimelineRepository.swift */; };
		15F5D629208498E400462DE7 /* SWInmemoryBowlTimelineRepository.swift in Sources */ = {isa = PBXBuildFile; fileRef = 15F5D628208498E400462DE7 /* SWInmemoryBowlTimelineRepository.swift */; };
		15F5D62C208700A100462DE7 /* SWTipController.swift in Sources */ = {isa = PBXBuildFile; fileRef = 15F5D62B208700A100462DE7 /* SWTipController.swift */; };
		15F6D0F11FE4F46C00200E45 /* NamedPinState.swift in Sources */ = {isa = PBXBuildFile; fileRef = 15F6D0F01FE4F46C00200E45 /* NamedPinState.swift */; };
		15FBE5CA2068F184008F37B4 /* SWBowlActOffsetAnchor.swift in Sources */ = {isa = PBXBuildFile; fileRef = 15FBE5C92068F184008F37B4 /* SWBowlActOffsetAnchor.swift */; };
/* End PBXBuildFile section */

/* Begin PBXContainerItemProxy section */
		15F0BB451F404FCC006F646E /* PBXContainerItemProxy */ = {
			isa = PBXContainerItemProxy;
			containerPortal = 15F0BB281F404FCC006F646E /* Project object */;
			proxyType = 1;
			remoteGlobalIDString = 15F0BB2F1F404FCC006F646E;
			remoteInfo = Wheel;
		};
		15F0BB501F404FCC006F646E /* PBXContainerItemProxy */ = {
			isa = PBXContainerItemProxy;
			containerPortal = 15F0BB281F404FCC006F646E /* Project object */;
			proxyType = 1;
			remoteGlobalIDString = 15F0BB2F1F404FCC006F646E;
			remoteInfo = Wheel;
		};
/* End PBXContainerItemProxy section */

/* Begin PBXFileReference section */
		1508EEC61FF4C90C003CF526 /* SWWheelSettings.swift */ = {isa = PBXFileReference; lastKnownFileType = sourcecode.swift; path = SWWheelSettings.swift; sourceTree = "<group>"; };
		1508EEC81FF4E995003CF526 /* SWSpoke.swift */ = {isa = PBXFileReference; lastKnownFileType = sourcecode.swift; path = SWSpoke.swift; sourceTree = "<group>"; };
		150FB1C61FF8CA65003F2601 /* SWAbstractWheelView.swift */ = {isa = PBXFileReference; lastKnownFileType = sourcecode.swift; path = SWAbstractWheelView.swift; sourceTree = "<group>"; };
		150FB1C91FFA2C05003F2601 /* SWAbstractWheelDelegate.swift */ = {isa = PBXFileReference; lastKnownFileType = sourcecode.swift; path = SWAbstractWheelDelegate.swift; sourceTree = "<group>"; };
		15119297207B67D200D93751 /* StepsViewController.swift */ = {isa = PBXFileReference; lastKnownFileType = sourcecode.swift; path = StepsViewController.swift; sourceTree = "<group>"; };
		15119299207C748400D93751 /* SWStepsAssembler.swift */ = {isa = PBXFileReference; lastKnownFileType = sourcecode.swift; path = SWStepsAssembler.swift; sourceTree = "<group>"; };
		1511929B207C74C900D93751 /* SWConcreteStepsAssembler.swift */ = {isa = PBXFileReference; lastKnownFileType = sourcecode.swift; path = SWConcreteStepsAssembler.swift; sourceTree = "<group>"; };
		1511929D207CC6E400D93751 /* SWFeedbackService.swift */ = {isa = PBXFileReference; lastKnownFileType = sourcecode.swift; path = SWFeedbackService.swift; sourceTree = "<group>"; };
		1511929F207CC79700D93751 /* SWFeedbackOverHttpService.swift */ = {isa = PBXFileReference; lastKnownFileType = sourcecode.swift; path = SWFeedbackOverHttpService.swift; sourceTree = "<group>"; };
		151192A1207DC67000D93751 /* UITextField.swift */ = {isa = PBXFileReference; lastKnownFileType = sourcecode.swift; path = UITextField.swift; sourceTree = "<group>"; };
		151AFE3E1F77B92E00CC5357 /* SVState.swift */ = {isa = PBXFileReference; fileEncoding = 4; lastKnownFileType = sourcecode.swift; path = SVState.swift; sourceTree = "<group>"; };
		151AFE441F8A858200CC5357 /* WSettings.swift */ = {isa = PBXFileReference; fileEncoding = 4; lastKnownFileType = sourcecode.swift; path = WSettings.swift; sourceTree = "<group>"; };
		151AFE481FA119FD00CC5357 /* UIImage.swift */ = {isa = PBXFileReference; fileEncoding = 4; lastKnownFileType = sourcecode.swift; path = UIImage.swift; sourceTree = "<group>"; };
		151C425B20CCF18F00582268 /* SWSwipeGestureRecognizer-2.swift */ = {isa = PBXFileReference; lastKnownFileType = sourcecode.swift; path = "SWSwipeGestureRecognizer-2.swift"; sourceTree = "<group>"; };
		1525FE611FDA6BA0001CABF6 /* FloatingSelectedView.swift */ = {isa = PBXFileReference; lastKnownFileType = sourcecode.swift; path = FloatingSelectedView.swift; sourceTree = "<group>"; };
		15456D571FC0116C0018A1CD /* UIView.swift */ = {isa = PBXFileReference; lastKnownFileType = sourcecode.swift; path = UIView.swift; sourceTree = "<group>"; };
		15456D591FC0263A0018A1CD /* CGRect.swift */ = {isa = PBXFileReference; lastKnownFileType = sourcecode.swift; path = CGRect.swift; sourceTree = "<group>"; };
		15456D5D1FC0292F0018A1CD /* UIButton.swift */ = {isa = PBXFileReference; lastKnownFileType = sourcecode.swift; path = UIButton.swift; sourceTree = "<group>"; };
		15456D631FC94B320018A1CD /* PointerController.swift */ = {isa = PBXFileReference; lastKnownFileType = sourcecode.swift; path = PointerController.swift; sourceTree = "<group>"; };
		15456D651FC978C60018A1CD /* UIFont.swift */ = {isa = PBXFileReference; lastKnownFileType = sourcecode.swift; path = UIFont.swift; sourceTree = "<group>"; };
		15456D691FCAB8670018A1CD /* SWIngredientKinds.swift */ = {isa = PBXFileReference; lastKnownFileType = sourcecode.swift; path = SWIngredientKinds.swift; sourceTree = "<group>"; };
		15456D6B1FCB0DA10018A1CD /* SWIngredient.swift */ = {isa = PBXFileReference; lastKnownFileType = sourcecode.swift; path = SWIngredient.swift; sourceTree = "<group>"; };
		15456D6D1FCBD9910018A1CD /* SelectionController.swift */ = {isa = PBXFileReference; lastKnownFileType = sourcecode.swift; path = SelectionController.swift; sourceTree = "<group>"; };
		15456D721FD2862B0018A1CD /* TransparentView.swift */ = {isa = PBXFileReference; lastKnownFileType = sourcecode.swift; path = TransparentView.swift; sourceTree = "<group>"; };
		15456D741FD692C10018A1CD /* UIScrollView.swift */ = {isa = PBXFileReference; lastKnownFileType = sourcecode.swift; path = UIScrollView.swift; sourceTree = "<group>"; };
		15456D761FD6D82E0018A1CD /* SelectedHolderView.swift */ = {isa = PBXFileReference; lastKnownFileType = sourcecode.swift; path = SelectedHolderView.swift; sourceTree = "<group>"; };
		15456D781FD7E0880018A1CD /* CGPoint.swift */ = {isa = PBXFileReference; lastKnownFileType = sourcecode.swift; path = CGPoint.swift; sourceTree = "<group>"; };
		15456D7C1FD9E0130018A1CD /* FloatingSelectedViewStates.swift */ = {isa = PBXFileReference; lastKnownFileType = sourcecode.swift; path = FloatingSelectedViewStates.swift; sourceTree = "<group>"; };
		1547C2A81FB968CD009C8320 /* UIColor.swift */ = {isa = PBXFileReference; lastKnownFileType = sourcecode.swift; path = UIColor.swift; sourceTree = "<group>"; };
		154B44832000B33400E80DAF /* SWRingMaskDelegate.swift */ = {isa = PBXFileReference; lastKnownFileType = sourcecode.swift; path = SWRingMaskDelegate.swift; sourceTree = "<group>"; };
		154B44852000B5B100E80DAF /* SWWheelViewAbstracted.swift */ = {isa = PBXFileReference; lastKnownFileType = sourcecode.swift; path = SWWheelViewAbstracted.swift; sourceTree = "<group>"; };
		154DF0B0201AFCDB00B8391A /* NSDataAsset.swift */ = {isa = PBXFileReference; lastKnownFileType = sourcecode.swift; path = NSDataAsset.swift; sourceTree = "<group>"; };
		154DF0B2201C5C2B00B8391A /* NSAttributedString.swift */ = {isa = PBXFileReference; lastKnownFileType = sourcecode.swift; path = NSAttributedString.swift; sourceTree = "<group>"; };
		154DF0B4201C5CBE00B8391A /* UILabel.swift */ = {isa = PBXFileReference; lastKnownFileType = sourcecode.swift; path = UILabel.swift; sourceTree = "<group>"; };
		155BEC2B1FEB8C6E00E749B5 /* ToOverlayButton.swift */ = {isa = PBXFileReference; lastKnownFileType = sourcecode.swift; path = ToOverlayButton.swift; sourceTree = "<group>"; };
		155BEC2E1FEFC93E00E749B5 /* OptionsController.swift */ = {isa = PBXFileReference; lastKnownFileType = sourcecode.swift; path = OptionsController.swift; sourceTree = "<group>"; };
		155BEC301FF02F5800E749B5 /* OptionsDelegate.swift */ = {isa = PBXFileReference; lastKnownFileType = sourcecode.swift; path = OptionsDelegate.swift; sourceTree = "<group>"; };
		155BEC321FF0300000E749B5 /* OptionsActions.swift */ = {isa = PBXFileReference; lastKnownFileType = sourcecode.swift; path = OptionsActions.swift; sourceTree = "<group>"; };
		156B0BCC20395E0900CFEEA4 /* SWIngredientRepository.swift */ = {isa = PBXFileReference; lastKnownFileType = sourcecode.swift; path = SWIngredientRepository.swift; sourceTree = "<group>"; };
		156B0BCE20395E8000CFEEA4 /* SWInmemoryIngredientRepository.swift */ = {isa = PBXFileReference; lastKnownFileType = sourcecode.swift; path = SWInmemoryIngredientRepository.swift; sourceTree = "<group>"; };
		156B0BD0203961FB00CFEEA4 /* SWAppState.swift */ = {isa = PBXFileReference; lastKnownFileType = sourcecode.swift; path = SWAppState.swift; sourceTree = "<group>"; };
		156B0BD22039626000CFEEA4 /* SWAppStateRepository.swift */ = {isa = PBXFileReference; lastKnownFileType = sourcecode.swift; path = SWAppStateRepository.swift; sourceTree = "<group>"; };
		156B0BD4203962A100CFEEA4 /* SWInmemoryAppStateRepository.swift */ = {isa = PBXFileReference; lastKnownFileType = sourcecode.swift; path = SWInmemoryAppStateRepository.swift; sourceTree = "<group>"; };
		156B0BD62039632900CFEEA4 /* SWAfterlaunchAssembler.swift */ = {isa = PBXFileReference; lastKnownFileType = sourcecode.swift; path = SWAfterlaunchAssembler.swift; sourceTree = "<group>"; };
		156B0BD8203963A100CFEEA4 /* SWConcreteAfterlaunchAssembler.swift */ = {isa = PBXFileReference; lastKnownFileType = sourcecode.swift; path = SWConcreteAfterlaunchAssembler.swift; sourceTree = "<group>"; };
		156B0BDB2039673200CFEEA4 /* AfterlaunchViewController.swift */ = {isa = PBXFileReference; lastKnownFileType = sourcecode.swift; path = AfterlaunchViewController.swift; sourceTree = "<group>"; };
		156B0BDD20396CF700CFEEA4 /* SWOnboardingAssembler.swift */ = {isa = PBXFileReference; lastKnownFileType = sourcecode.swift; path = SWOnboardingAssembler.swift; sourceTree = "<group>"; };
		156B0BDF20396DE100CFEEA4 /* SWSegue.swift */ = {isa = PBXFileReference; lastKnownFileType = sourcecode.swift; path = SWSegue.swift; sourceTree = "<group>"; };
		156B0BE120396E1A00CFEEA4 /* SWSegueRepository.swift */ = {isa = PBXFileReference; lastKnownFileType = sourcecode.swift; path = SWSegueRepository.swift; sourceTree = "<group>"; };
		156B0BE320396E7E00CFEEA4 /* SWInmemorySegueRepository.swift */ = {isa = PBXFileReference; lastKnownFileType = sourcecode.swift; path = SWInmemorySegueRepository.swift; sourceTree = "<group>"; };
		156B0BE52039709000CFEEA4 /* SWWheelsAssembler.swift */ = {isa = PBXFileReference; lastKnownFileType = sourcecode.swift; path = SWWheelsAssembler.swift; sourceTree = "<group>"; };
		156B0BE72039717500CFEEA4 /* SWConcreteWheelsAssembler.swift */ = {isa = PBXFileReference; lastKnownFileType = sourcecode.swift; path = SWConcreteWheelsAssembler.swift; sourceTree = "<group>"; };
		156B0BE92039799F00CFEEA4 /* SWConcreteOnboardingAssembler.swift */ = {isa = PBXFileReference; lastKnownFileType = sourcecode.swift; path = SWConcreteOnboardingAssembler.swift; sourceTree = "<group>"; };
		1583878B202ACFD7001E4008 /* UIBarButtonItem.swift */ = {isa = PBXFileReference; lastKnownFileType = sourcecode.swift; path = UIBarButtonItem.swift; sourceTree = "<group>"; };
		15838791202ED7A3001E4008 /* FilterViewController.swift */ = {isa = PBXFileReference; lastKnownFileType = sourcecode.swift; path = FilterViewController.swift; sourceTree = "<group>"; };
		15838793202EE724001E4008 /* SWIngrigientsOptionView.swift */ = {isa = PBXFileReference; lastKnownFileType = sourcecode.swift; path = SWIngrigientsOptionView.swift; sourceTree = "<group>"; };
		1583879520303F51001E4008 /* SWHeaderOptionView.swift */ = {isa = PBXFileReference; lastKnownFileType = sourcecode.swift; path = SWHeaderOptionView.swift; sourceTree = "<group>"; };
		15838797203043B8001E4008 /* SWAlignableProtocol.swift */ = {isa = PBXFileReference; lastKnownFileType = sourcecode.swift; path = SWAlignableProtocol.swift; sourceTree = "<group>"; };
		15838799203045A8001E4008 /* SWAllergiesOptionView.swift */ = {isa = PBXFileReference; lastKnownFileType = sourcecode.swift; path = SWAllergiesOptionView.swift; sourceTree = "<group>"; };
		1583879C2033FEA7001E4008 /* SWOptionType.swift */ = {isa = PBXFileReference; lastKnownFileType = sourcecode.swift; path = SWOptionType.swift; sourceTree = "<group>"; };
		1583879E2033FEE8001E4008 /* SWOption.swift */ = {isa = PBXFileReference; lastKnownFileType = sourcecode.swift; path = SWOption.swift; sourceTree = "<group>"; };
		158387A120340371001E4008 /* SWOptionRepository.swift */ = {isa = PBXFileReference; lastKnownFileType = sourcecode.swift; path = SWOptionRepository.swift; sourceTree = "<group>"; };
		158387A3203403F9001E4008 /* SWInmemoryOptionRepository.swift */ = {isa = PBXFileReference; lastKnownFileType = sourcecode.swift; path = SWInmemoryOptionRepository.swift; sourceTree = "<group>"; };
		158387A6203409B9001E4008 /* SWRootAssembler.swift */ = {isa = PBXFileReference; lastKnownFileType = sourcecode.swift; path = SWRootAssembler.swift; sourceTree = "<group>"; };
		158387A820340DBC001E4008 /* SWContext.swift */ = {isa = PBXFileReference; lastKnownFileType = sourcecode.swift; path = SWContext.swift; sourceTree = "<group>"; };
		158387AA20340F2A001E4008 /* SWConcreteRootAssembler.swift */ = {isa = PBXFileReference; lastKnownFileType = sourcecode.swift; path = SWConcreteRootAssembler.swift; sourceTree = "<group>"; };
		158387AC203554A7001E4008 /* String.swift */ = {isa = PBXFileReference; lastKnownFileType = sourcecode.swift; path = String.swift; sourceTree = "<group>"; };
		159C87E0209ACD6B004436FE /* SWSwipeGestureRecognizer.swift */ = {isa = PBXFileReference; lastKnownFileType = sourcecode.swift; path = SWSwipeGestureRecognizer.swift; sourceTree = "<group>"; };
		159C87E420A98F0B004436FE /* SWSwipeDelegate.swift */ = {isa = PBXFileReference; lastKnownFileType = sourcecode.swift; path = SWSwipeDelegate.swift; sourceTree = "<group>"; };
		15A25811208B133200F738B5 /* SWTipGenerator.swift */ = {isa = PBXFileReference; lastKnownFileType = sourcecode.swift; path = SWTipGenerator.swift; sourceTree = "<group>"; };
		15A25813208B134500F738B5 /* SWConcreteTipGenerator.swift */ = {isa = PBXFileReference; lastKnownFileType = sourcecode.swift; path = SWConcreteTipGenerator.swift; sourceTree = "<group>"; };
		15A25816208B2B2A00F738B5 /* SWTransparentViewDelegate.swift */ = {isa = PBXFileReference; lastKnownFileType = sourcecode.swift; path = SWTransparentViewDelegate.swift; sourceTree = "<group>"; };
		15A2581A208CA9D200F738B5 /* SWProtebaseNameGenerator.swift */ = {isa = PBXFileReference; lastKnownFileType = sourcecode.swift; path = SWProtebaseNameGenerator.swift; sourceTree = "<group>"; };
		15A2581C208CACF800F738B5 /* SWFilterAssembler.swift */ = {isa = PBXFileReference; lastKnownFileType = sourcecode.swift; path = SWFilterAssembler.swift; sourceTree = "<group>"; };
		15A2581E208CAD3400F738B5 /* SWConcreteFilterAssembler.swift */ = {isa = PBXFileReference; lastKnownFileType = sourcecode.swift; path = SWConcreteFilterAssembler.swift; sourceTree = "<group>"; };
		15A25820208CBA6D00F738B5 /* SWDebugger.swift */ = {isa = PBXFileReference; lastKnownFileType = sourcecode.swift; path = SWDebugger.swift; sourceTree = "<group>"; };
		15A258982093835000F738B5 /* SWMoreButton.swift */ = {isa = PBXFileReference; lastKnownFileType = sourcecode.swift; path = SWMoreButton.swift; sourceTree = "<group>"; };
		15A2589A20938DB200F738B5 /* SWLessButton.swift */ = {isa = PBXFileReference; lastKnownFileType = sourcecode.swift; path = SWLessButton.swift; sourceTree = "<group>"; };
		15A2589C2093933E00F738B5 /* SWOptionAligner.swift */ = {isa = PBXFileReference; lastKnownFileType = sourcecode.swift; path = SWOptionAligner.swift; sourceTree = "<group>"; };
		15A2589E2093942500F738B5 /* SWConcreteOptionAligner.swift */ = {isa = PBXFileReference; lastKnownFileType = sourcecode.swift; path = SWConcreteOptionAligner.swift; sourceTree = "<group>"; };
		15A73CA01FB62B0800E3BB01 /* WState.swift */ = {isa = PBXFileReference; lastKnownFileType = sourcecode.swift; path = WState.swift; sourceTree = "<group>"; };
		15A77A0A1FFB533B0030304F /* SWAbstractWheelController.swift */ = {isa = PBXFileReference; lastKnownFileType = sourcecode.swift; path = SWAbstractWheelController.swift; sourceTree = "<group>"; };
		15A77A0E1FFC25410030304F /* SWWheelView.swift */ = {isa = PBXFileReference; lastKnownFileType = sourcecode.swift; path = SWWheelView.swift; sourceTree = "<group>"; };
		15A77A10200019150030304F /* SWRingMaskView.swift */ = {isa = PBXFileReference; lastKnownFileType = sourcecode.swift; path = SWRingMaskView.swift; sourceTree = "<group>"; };
		15B00C3B200B3C2D002B93A8 /* OnboardingViewController.swift */ = {isa = PBXFileReference; lastKnownFileType = sourcecode.swift; path = OnboardingViewController.swift; sourceTree = "<group>"; };
		15B00C3E200B3E89002B93A8 /* SWPagerStates.swift */ = {isa = PBXFileReference; lastKnownFileType = sourcecode.swift; path = SWPagerStates.swift; sourceTree = "<group>"; };
		15B00C40200B489F002B93A8 /* SWPagerController.swift */ = {isa = PBXFileReference; lastKnownFileType = sourcecode.swift; path = SWPagerController.swift; sourceTree = "<group>"; };
		15BA801B203A9BE800596CC8 /* CGFloat.swift */ = {isa = PBXFileReference; lastKnownFileType = sourcecode.swift; path = CGFloat.swift; sourceTree = "<group>"; };
		15BA801D203BF46400596CC8 /* SWBlocking.swift */ = {isa = PBXFileReference; lastKnownFileType = sourcecode.swift; path = SWBlocking.swift; sourceTree = "<group>"; };
		15BA801F203BF57F00596CC8 /* SWBlockingRepository.swift */ = {isa = PBXFileReference; lastKnownFileType = sourcecode.swift; path = SWBlockingRepository.swift; sourceTree = "<group>"; };
		15BA8021203C01F200596CC8 /* SWInmemoryBlockingRepository.swift */ = {isa = PBXFileReference; lastKnownFileType = sourcecode.swift; path = SWInmemoryBlockingRepository.swift; sourceTree = "<group>"; };
		15BA8023203D3ABD00596CC8 /* SWAbstractWheelControllerDelegate.swift */ = {isa = PBXFileReference; lastKnownFileType = sourcecode.swift; path = SWAbstractWheelControllerDelegate.swift; sourceTree = "<group>"; };
		15BA8025203FDAF900596CC8 /* SWWheelPositionCalculator.swift */ = {isa = PBXFileReference; lastKnownFileType = sourcecode.swift; path = SWWheelPositionCalculator.swift; sourceTree = "<group>"; };
		15BA80282041445100596CC8 /* RecipyViewController.swift */ = {isa = PBXFileReference; lastKnownFileType = sourcecode.swift; path = RecipyViewController.swift; sourceTree = "<group>"; };
		15BA802A204144C200596CC8 /* SWRecipyAssembler.swift */ = {isa = PBXFileReference; lastKnownFileType = sourcecode.swift; path = SWRecipyAssembler.swift; sourceTree = "<group>"; };
		15BA802C2041450D00596CC8 /* SWConcreteRecipyAssembler.swift */ = {isa = PBXFileReference; lastKnownFileType = sourcecode.swift; path = SWConcreteRecipyAssembler.swift; sourceTree = "<group>"; };
		15BA802E204146A900596CC8 /* SWRecipy.swift */ = {isa = PBXFileReference; lastKnownFileType = sourcecode.swift; path = SWRecipy.swift; sourceTree = "<group>"; };
		15BA8030204147C700596CC8 /* SWComponent.swift */ = {isa = PBXFileReference; lastKnownFileType = sourcecode.swift; path = SWComponent.swift; sourceTree = "<group>"; };
		15BA803220414B5000596CC8 /* SWRecipyRepository.swift */ = {isa = PBXFileReference; lastKnownFileType = sourcecode.swift; path = SWRecipyRepository.swift; sourceTree = "<group>"; };
		15BA803420414BB200596CC8 /* SWInmemoryRecipyRepository.swift */ = {isa = PBXFileReference; lastKnownFileType = sourcecode.swift; path = SWInmemoryRecipyRepository.swift; sourceTree = "<group>"; };
		15BA803620414E8F00596CC8 /* SWComponentRepository.swift */ = {isa = PBXFileReference; lastKnownFileType = sourcecode.swift; path = SWComponentRepository.swift; sourceTree = "<group>"; };
		15BA803820414EFF00596CC8 /* SWInmemoryComponentRepository.swift */ = {isa = PBXFileReference; lastKnownFileType = sourcecode.swift; path = SWInmemoryComponentRepository.swift; sourceTree = "<group>"; };
		15BA803B2041F23800596CC8 /* SWNameGenerator.swift */ = {isa = PBXFileReference; lastKnownFileType = sourcecode.swift; path = SWNameGenerator.swift; sourceTree = "<group>"; };
		15BA803D2041F28B00596CC8 /* SWConcreteNameGenerator.swift */ = {isa = PBXFileReference; lastKnownFileType = sourcecode.swift; path = SWConcreteNameGenerator.swift; sourceTree = "<group>"; };
		15BA803F2041F5B200596CC8 /* Int.swift */ = {isa = PBXFileReference; lastKnownFileType = sourcecode.swift; path = Int.swift; sourceTree = "<group>"; };
		15BA8043204813CC00596CC8 /* SWRecipyIngridientView.swift */ = {isa = PBXFileReference; lastKnownFileType = sourcecode.swift; path = SWRecipyIngridientView.swift; sourceTree = "<group>"; };
		15BB5A4A1FE6513A003816AF /* SelectionState.swift */ = {isa = PBXFileReference; lastKnownFileType = sourcecode.swift; path = SelectionState.swift; sourceTree = "<group>"; };
		15BB5A4C1FE6714D003816AF /* SelectionDelegate.swift */ = {isa = PBXFileReference; lastKnownFileType = sourcecode.swift; path = SelectionDelegate.swift; sourceTree = "<group>"; };
		15BBE174200A80D20050878B /* SWConfiguration.swift */ = {isa = PBXFileReference; lastKnownFileType = sourcecode.swift; path = SWConfiguration.swift; sourceTree = "<group>"; };
		15C91AE720AFF06F003AD754 /* SWDismissAnimationController.swift */ = {isa = PBXFileReference; lastKnownFileType = sourcecode.swift; path = SWDismissAnimationController.swift; sourceTree = "<group>"; };
		15C91AEB20B52A0C003AD754 /* SWNavigationController.swift */ = {isa = PBXFileReference; lastKnownFileType = sourcecode.swift; path = SWNavigationController.swift; sourceTree = "<group>"; };
		15C91AED20B52EB1003AD754 /* SWSwipeInteractiveTransition.swift */ = {isa = PBXFileReference; lastKnownFileType = sourcecode.swift; path = SWSwipeInteractiveTransition.swift; sourceTree = "<group>"; };
		15C91AF320C2697B003AD754 /* SWDismissableViewController.swift */ = {isa = PBXFileReference; lastKnownFileType = sourcecode.swift; path = SWDismissableViewController.swift; sourceTree = "<group>"; };
		15D13D29204E79B400D44923 /* SWMeasuresment.swift */ = {isa = PBXFileReference; lastKnownFileType = sourcecode.swift; path = SWMeasuresment.swift; sourceTree = "<group>"; };
		15D13D2B204E7A9600D44923 /* SWMeasuresmentRepository.swift */ = {isa = PBXFileReference; lastKnownFileType = sourcecode.swift; path = SWMeasuresmentRepository.swift; sourceTree = "<group>"; };
		15D13D2D204E7B2400D44923 /* SWInmemoryMeasuresmentRepository.swift */ = {isa = PBXFileReference; lastKnownFileType = sourcecode.swift; path = SWInmemoryMeasuresmentRepository.swift; sourceTree = "<group>"; };
		15D13D2F204E7BA100D44923 /* SWIngredientStats.swift */ = {isa = PBXFileReference; lastKnownFileType = sourcecode.swift; path = SWIngredientStats.swift; sourceTree = "<group>"; };
		15D13D31204E88D400D44923 /* SWIngredientStatsRepository.swift */ = {isa = PBXFileReference; lastKnownFileType = sourcecode.swift; path = SWIngredientStatsRepository.swift; sourceTree = "<group>"; };
		15D13D33204E894600D44923 /* SWInmemoryIngredientStatsRepository.swift */ = {isa = PBXFileReference; lastKnownFileType = sourcecode.swift; path = SWInmemoryIngredientStatsRepository.swift; sourceTree = "<group>"; };
		15D13D35204EEBA300D44923 /* SWRecipyServingsCounter.swift */ = {isa = PBXFileReference; lastKnownFileType = sourcecode.swift; path = SWRecipyServingsCounter.swift; sourceTree = "<group>"; };
		15D13D37204EEC0100D44923 /* SWServingsGenerator.swift */ = {isa = PBXFileReference; lastKnownFileType = sourcecode.swift; path = SWServingsGenerator.swift; sourceTree = "<group>"; };
		15D13D39204EEC4C00D44923 /* SWConcreteServingsGenerator.swift */ = {isa = PBXFileReference; lastKnownFileType = sourcecode.swift; path = SWConcreteServingsGenerator.swift; sourceTree = "<group>"; };
		15D13D3B20529BED00D44923 /* SWRecipyStatsView.swift */ = {isa = PBXFileReference; lastKnownFileType = sourcecode.swift; path = SWRecipyStatsView.swift; sourceTree = "<group>"; };
		15D13D3D2052C68B00D44923 /* SWRecipyListGenerator.swift */ = {isa = PBXFileReference; lastKnownFileType = sourcecode.swift; path = SWRecipyListGenerator.swift; sourceTree = "<group>"; };
		15D13D3F2052C7C300D44923 /* SWConcreteRecipyListGenerator.swift */ = {isa = PBXFileReference; lastKnownFileType = sourcecode.swift; path = SWConcreteRecipyListGenerator.swift; sourceTree = "<group>"; };
		15D13D412052CF4500D44923 /* SWRecipyListView.swift */ = {isa = PBXFileReference; lastKnownFileType = sourcecode.swift; path = SWRecipyListView.swift; sourceTree = "<group>"; };
		15D13D432053EF4200D44923 /* SWRecipyBroccoliView.swift */ = {isa = PBXFileReference; lastKnownFileType = sourcecode.swift; path = SWRecipyBroccoliView.swift; sourceTree = "<group>"; };
		15D13D452054128700D44923 /* SWWheelsAligner.swift */ = {isa = PBXFileReference; lastKnownFileType = sourcecode.swift; path = SWWheelsAligner.swift; sourceTree = "<group>"; };
		15D13D472054135600D44923 /* SWWideWheelsAligner.swift */ = {isa = PBXFileReference; lastKnownFileType = sourcecode.swift; path = SWWideWheelsAligner.swift; sourceTree = "<group>"; };
		15D13D4920564A8B00D44923 /* SWLocksController.swift */ = {isa = PBXFileReference; lastKnownFileType = sourcecode.swift; path = SWLocksController.swift; sourceTree = "<group>"; };
		15D13D4B2057A03700D44923 /* SWNarrowWheelsAligner.swift */ = {isa = PBXFileReference; lastKnownFileType = sourcecode.swift; path = SWNarrowWheelsAligner.swift; sourceTree = "<group>"; };
		15D13D4D2057CFE800D44923 /* SWOverlayController.swift */ = {isa = PBXFileReference; lastKnownFileType = sourcecode.swift; path = SWOverlayController.swift; sourceTree = "<group>"; };
		15D13D4F20581EA500D44923 /* SWTranslatedOverlayController.swift */ = {isa = PBXFileReference; lastKnownFileType = sourcecode.swift; path = SWTranslatedOverlayController.swift; sourceTree = "<group>"; };
		15DF42051FDD3BCC00B6CC62 /* OverlayControllerDelegate.swift */ = {isa = PBXFileReference; lastKnownFileType = sourcecode.swift; path = OverlayControllerDelegate.swift; sourceTree = "<group>"; };
		15DF42091FDE9C2C00B6CC62 /* NamedPinView.swift */ = {isa = PBXFileReference; lastKnownFileType = sourcecode.swift; path = NamedPinView.swift; sourceTree = "<group>"; };
		15DF420B1FE1352B00B6CC62 /* Floatable.swift */ = {isa = PBXFileReference; lastKnownFileType = sourcecode.swift; path = Floatable.swift; sourceTree = "<group>"; };
		15F0BB301F404FCC006F646E /* Wheel.app */ = {isa = PBXFileReference; explicitFileType = wrapper.application; includeInIndex = 0; path = Wheel.app; sourceTree = BUILT_PRODUCTS_DIR; };
		15F0BB331F404FCC006F646E /* AppDelegate.swift */ = {isa = PBXFileReference; lastKnownFileType = sourcecode.swift; path = AppDelegate.swift; sourceTree = "<group>"; };
		15F0BB351F404FCC006F646E /* WheelsViewController.swift */ = {isa = PBXFileReference; lastKnownFileType = sourcecode.swift; path = WheelsViewController.swift; sourceTree = "<group>"; };
		15F0BB381F404FCC006F646E /* Base */ = {isa = PBXFileReference; lastKnownFileType = file.storyboard; name = Base; path = Base.lproj/Main.storyboard; sourceTree = "<group>"; };
		15F0BB3A1F404FCC006F646E /* Assets.xcassets */ = {isa = PBXFileReference; lastKnownFileType = folder.assetcatalog; path = Assets.xcassets; sourceTree = "<group>"; };
		15F0BB3D1F404FCC006F646E /* Base */ = {isa = PBXFileReference; lastKnownFileType = file.storyboard; name = Base; path = Base.lproj/LaunchScreen.storyboard; sourceTree = "<group>"; };
		15F0BB3F1F404FCC006F646E /* Info.plist */ = {isa = PBXFileReference; lastKnownFileType = text.plist.xml; path = Info.plist; sourceTree = "<group>"; };
		15F0BB441F404FCC006F646E /* WheelTests.xctest */ = {isa = PBXFileReference; explicitFileType = wrapper.cfbundle; includeInIndex = 0; path = WheelTests.xctest; sourceTree = BUILT_PRODUCTS_DIR; };
		15F0BB481F404FCC006F646E /* WheelTests.swift */ = {isa = PBXFileReference; lastKnownFileType = sourcecode.swift; path = WheelTests.swift; sourceTree = "<group>"; };
		15F0BB4A1F404FCC006F646E /* Info.plist */ = {isa = PBXFileReference; lastKnownFileType = text.plist.xml; path = Info.plist; sourceTree = "<group>"; };
		15F0BB4F1F404FCC006F646E /* WheelUITests.xctest */ = {isa = PBXFileReference; explicitFileType = wrapper.cfbundle; includeInIndex = 0; path = WheelUITests.xctest; sourceTree = BUILT_PRODUCTS_DIR; };
		15F0BB531F404FCC006F646E /* WheelUITests.swift */ = {isa = PBXFileReference; lastKnownFileType = sourcecode.swift; path = WheelUITests.swift; sourceTree = "<group>"; };
		15F0BB551F404FCC006F646E /* Info.plist */ = {isa = PBXFileReference; lastKnownFileType = text.plist.xml; path = Info.plist; sourceTree = "<group>"; };
		15F43C401FA99CA700732CED /* PinView.swift */ = {isa = PBXFileReference; lastKnownFileType = sourcecode.swift; path = PinView.swift; sourceTree = "<group>"; };
		15F43C421FA99D4E00732CED /* PVDelegate.swift */ = {isa = PBXFileReference; lastKnownFileType = sourcecode.swift; path = PVDelegate.swift; sourceTree = "<group>"; };
		15F43C441FAF655100732CED /* CGSize.swift */ = {isa = PBXFileReference; lastKnownFileType = sourcecode.swift; path = CGSize.swift; sourceTree = "<group>"; };
		15F4AF2D2011E6AD00C486FF /* SWBowlSceneController.swift */ = {isa = PBXFileReference; lastKnownFileType = sourcecode.swift; path = SWBowlSceneController.swift; sourceTree = "<group>"; };
		15F4AF2F2011E82F00C486FF /* SWBowlSceneView.swift */ = {isa = PBXFileReference; lastKnownFileType = sourcecode.swift; path = SWBowlSceneView.swift; sourceTree = "<group>"; };
		15F4AF312013426F00C486FF /* SWBowlActSteps.swift */ = {isa = PBXFileReference; lastKnownFileType = sourcecode.swift; path = SWBowlActSteps.swift; sourceTree = "<group>"; };
		15F4AF33201344B200C486FF /* SWBowlActParams.swift */ = {isa = PBXFileReference; lastKnownFileType = sourcecode.swift; path = SWBowlActParams.swift; sourceTree = "<group>"; };
		15F4AF38201702E000C486FF /* SWBowlActStory.swift */ = {isa = PBXFileReference; lastKnownFileType = sourcecode.swift; path = SWBowlActStory.swift; sourceTree = "<group>"; };
		15F5D61F2080747B00462DE7 /* SWValidationLine.swift */ = {isa = PBXFileReference; lastKnownFileType = sourcecode.swift; path = SWValidationLine.swift; sourceTree = "<group>"; };
		15F5D6212080782400462DE7 /* SWValidatedInputStates.swift */ = {isa = PBXFileReference; lastKnownFileType = sourcecode.swift; path = SWValidatedInputStates.swift; sourceTree = "<group>"; };
		15F5D62320848CA600462DE7 /* SWBowlTimeline.swift */ = {isa = PBXFileReference; lastKnownFileType = sourcecode.swift; path = SWBowlTimeline.swift; sourceTree = "<group>"; };
		15F5D6262084981D00462DE7 /* SWBowlTimelineRepository.swift */ = {isa = PBXFileReference; lastKnownFileType = sourcecode.swift; path = SWBowlTimelineRepository.swift; sourceTree = "<group>"; };
		15F5D628208498E400462DE7 /* SWInmemoryBowlTimelineRepository.swift */ = {isa = PBXFileReference; lastKnownFileType = sourcecode.swift; path = SWInmemoryBowlTimelineRepository.swift; sourceTree = "<group>"; };
		15F5D62B208700A100462DE7 /* SWTipController.swift */ = {isa = PBXFileReference; lastKnownFileType = sourcecode.swift; path = SWTipController.swift; sourceTree = "<group>"; };
		15F6D0F01FE4F46C00200E45 /* NamedPinState.swift */ = {isa = PBXFileReference; lastKnownFileType = sourcecode.swift; path = NamedPinState.swift; sourceTree = "<group>"; };
		15FBE5C92068F184008F37B4 /* SWBowlActOffsetAnchor.swift */ = {isa = PBXFileReference; lastKnownFileType = sourcecode.swift; path = SWBowlActOffsetAnchor.swift; sourceTree = "<group>"; };
/* End PBXFileReference section */

/* Begin PBXFrameworksBuildPhase section */
		15F0BB2D1F404FCC006F646E /* Frameworks */ = {
			isa = PBXFrameworksBuildPhase;
			buildActionMask = 2147483647;
			files = (
			);
			runOnlyForDeploymentPostprocessing = 0;
		};
		15F0BB411F404FCC006F646E /* Frameworks */ = {
			isa = PBXFrameworksBuildPhase;
			buildActionMask = 2147483647;
			files = (
			);
			runOnlyForDeploymentPostprocessing = 0;
		};
		15F0BB4C1F404FCC006F646E /* Frameworks */ = {
			isa = PBXFrameworksBuildPhase;
			buildActionMask = 2147483647;
			files = (
			);
			runOnlyForDeploymentPostprocessing = 0;
		};
/* End PBXFrameworksBuildPhase section */

/* Begin PBXGroup section */
		1508EEC11FF4B990003CF526 /* TranslatedRadial */ = {
			isa = PBXGroup;
			children = (
				1508EEC61FF4C90C003CF526 /* SWWheelSettings.swift */,
				1508EEC81FF4E995003CF526 /* SWSpoke.swift */,
				15A77A0E1FFC25410030304F /* SWWheelView.swift */,
				154B44852000B5B100E80DAF /* SWWheelViewAbstracted.swift */,
				15A77A10200019150030304F /* SWRingMaskView.swift */,
				154B44832000B33400E80DAF /* SWRingMaskDelegate.swift */,
			);
			path = TranslatedRadial;
			sourceTree = "<group>";
		};
		150FB1C81FFA2B34003F2601 /* WheelAbstraction */ = {
			isa = PBXGroup;
			children = (
				150FB1C61FF8CA65003F2601 /* SWAbstractWheelView.swift */,
				150FB1C91FFA2C05003F2601 /* SWAbstractWheelDelegate.swift */,
				15A77A0A1FFB533B0030304F /* SWAbstractWheelController.swift */,
				15BA8023203D3ABD00596CC8 /* SWAbstractWheelControllerDelegate.swift */,
			);
			path = WheelAbstraction;
			sourceTree = "<group>";
		};
		15119296207B679100D93751 /* Steps */ = {
			isa = PBXGroup;
			children = (
				15119297207B67D200D93751 /* StepsViewController.swift */,
				15F5D61F2080747B00462DE7 /* SWValidationLine.swift */,
				15F5D6212080782400462DE7 /* SWValidatedInputStates.swift */,
			);
			path = Steps;
			sourceTree = "<group>";
		};
		1525FE641FDC6477001CABF6 /* Overlay */ = {
			isa = PBXGroup;
			children = (
				15D13D4D2057CFE800D44923 /* SWOverlayController.swift */,
				15DF42051FDD3BCC00B6CC62 /* OverlayControllerDelegate.swift */,
				15DF42091FDE9C2C00B6CC62 /* NamedPinView.swift */,
				15F6D0F01FE4F46C00200E45 /* NamedPinState.swift */,
				155BEC2B1FEB8C6E00E749B5 /* ToOverlayButton.swift */,
				15D13D4F20581EA500D44923 /* SWTranslatedOverlayController.swift */,
			);
			path = Overlay;
			sourceTree = "<group>";
		};
		15456D5C1FC028AD0018A1CD /* Extensions */ = {
			isa = PBXGroup;
			children = (
				151AFE481FA119FD00CC5357 /* UIImage.swift */,
				1547C2A81FB968CD009C8320 /* UIColor.swift */,
				15456D571FC0116C0018A1CD /* UIView.swift */,
				15F43C441FAF655100732CED /* CGSize.swift */,
				15456D591FC0263A0018A1CD /* CGRect.swift */,
				15456D5D1FC0292F0018A1CD /* UIButton.swift */,
				15456D651FC978C60018A1CD /* UIFont.swift */,
				15456D741FD692C10018A1CD /* UIScrollView.swift */,
				15456D781FD7E0880018A1CD /* CGPoint.swift */,
				154DF0B2201C5C2B00B8391A /* NSAttributedString.swift */,
				154DF0B4201C5CBE00B8391A /* UILabel.swift */,
				154DF0B0201AFCDB00B8391A /* NSDataAsset.swift */,
				1583878B202ACFD7001E4008 /* UIBarButtonItem.swift */,
				158387AC203554A7001E4008 /* String.swift */,
				15BA801B203A9BE800596CC8 /* CGFloat.swift */,
				15BA803F2041F5B200596CC8 /* Int.swift */,
				151192A1207DC67000D93751 /* UITextField.swift */,
			);
			path = Extensions;
			sourceTree = "<group>";
		};
		15456D6F1FD27A5B0018A1CD /* Selection */ = {
			isa = PBXGroup;
			children = (
				15F5D62A2087003E00462DE7 /* Tip */,
				15456D6D1FCBD9910018A1CD /* SelectionController.swift */,
				15BB5A4C1FE6714D003816AF /* SelectionDelegate.swift */,
				15456D761FD6D82E0018A1CD /* SelectedHolderView.swift */,
				15456D7C1FD9E0130018A1CD /* FloatingSelectedViewStates.swift */,
				1525FE611FDA6BA0001CABF6 /* FloatingSelectedView.swift */,
				15DF420B1FE1352B00B6CC62 /* Floatable.swift */,
				15BB5A4A1FE6513A003816AF /* SelectionState.swift */,
			);
			path = Selection;
			sourceTree = "<group>";
		};
		155BEC2D1FEFC8FD00E749B5 /* Options */ = {
			isa = PBXGroup;
			children = (
				155BEC2E1FEFC93E00E749B5 /* OptionsController.swift */,
				155BEC301FF02F5800E749B5 /* OptionsDelegate.swift */,
				155BEC321FF0300000E749B5 /* OptionsActions.swift */,
			);
			path = Options;
			sourceTree = "<group>";
		};
		156B0BDA203966FF00CFEEA4 /* Afterlaunch */ = {
			isa = PBXGroup;
			children = (
				156B0BDB2039673200CFEEA4 /* AfterlaunchViewController.swift */,
			);
			path = Afterlaunch;
			sourceTree = "<group>";
		};
		15838790202ED774001E4008 /* Filter */ = {
			isa = PBXGroup;
			children = (
				15838791202ED7A3001E4008 /* FilterViewController.swift */,
				15838793202EE724001E4008 /* SWIngrigientsOptionView.swift */,
				1583879520303F51001E4008 /* SWHeaderOptionView.swift */,
				15838797203043B8001E4008 /* SWAlignableProtocol.swift */,
				15838799203045A8001E4008 /* SWAllergiesOptionView.swift */,
			);
			path = Filter;
			sourceTree = "<group>";
		};
		1583879B2033FE32001E4008 /* Model */ = {
			isa = PBXGroup;
			children = (
				15456D691FCAB8670018A1CD /* SWIngredientKinds.swift */,
				15456D6B1FCB0DA10018A1CD /* SWIngredient.swift */,
				1583879C2033FEA7001E4008 /* SWOptionType.swift */,
				1583879E2033FEE8001E4008 /* SWOption.swift */,
				156B0BD0203961FB00CFEEA4 /* SWAppState.swift */,
				156B0BDF20396DE100CFEEA4 /* SWSegue.swift */,
				15BA801D203BF46400596CC8 /* SWBlocking.swift */,
				15BA802E204146A900596CC8 /* SWRecipy.swift */,
				15BA8030204147C700596CC8 /* SWComponent.swift */,
				15D13D29204E79B400D44923 /* SWMeasuresment.swift */,
				15D13D2F204E7BA100D44923 /* SWIngredientStats.swift */,
			);
			path = Model;
			sourceTree = "<group>";
		};
		158387A020340321001E4008 /* Repositories */ = {
			isa = PBXGroup;
			children = (
				158387A120340371001E4008 /* SWOptionRepository.swift */,
				158387A3203403F9001E4008 /* SWInmemoryOptionRepository.swift */,
				156B0BCC20395E0900CFEEA4 /* SWIngredientRepository.swift */,
				156B0BCE20395E8000CFEEA4 /* SWInmemoryIngredientRepository.swift */,
				156B0BD22039626000CFEEA4 /* SWAppStateRepository.swift */,
				156B0BD4203962A100CFEEA4 /* SWInmemoryAppStateRepository.swift */,
				156B0BE120396E1A00CFEEA4 /* SWSegueRepository.swift */,
				156B0BE320396E7E00CFEEA4 /* SWInmemorySegueRepository.swift */,
				15BA801F203BF57F00596CC8 /* SWBlockingRepository.swift */,
				15BA8021203C01F200596CC8 /* SWInmemoryBlockingRepository.swift */,
				15BA803220414B5000596CC8 /* SWRecipyRepository.swift */,
				15BA803420414BB200596CC8 /* SWInmemoryRecipyRepository.swift */,
				15BA803620414E8F00596CC8 /* SWComponentRepository.swift */,
				15BA803820414EFF00596CC8 /* SWInmemoryComponentRepository.swift */,
				15D13D2B204E7A9600D44923 /* SWMeasuresmentRepository.swift */,
				15D13D2D204E7B2400D44923 /* SWInmemoryMeasuresmentRepository.swift */,
				15D13D31204E88D400D44923 /* SWIngredientStatsRepository.swift */,
				15D13D33204E894600D44923 /* SWInmemoryIngredientStatsRepository.swift */,
			);
			path = Repositories;
			sourceTree = "<group>";
		};
		158387A5203408A2001E4008 /* Assemblers */ = {
			isa = PBXGroup;
			children = (
				158387A6203409B9001E4008 /* SWRootAssembler.swift */,
				158387A820340DBC001E4008 /* SWContext.swift */,
				158387AA20340F2A001E4008 /* SWConcreteRootAssembler.swift */,
				156B0BD62039632900CFEEA4 /* SWAfterlaunchAssembler.swift */,
				156B0BD8203963A100CFEEA4 /* SWConcreteAfterlaunchAssembler.swift */,
				156B0BDD20396CF700CFEEA4 /* SWOnboardingAssembler.swift */,
				156B0BE92039799F00CFEEA4 /* SWConcreteOnboardingAssembler.swift */,
				156B0BE52039709000CFEEA4 /* SWWheelsAssembler.swift */,
				156B0BE72039717500CFEEA4 /* SWConcreteWheelsAssembler.swift */,
				15BA802A204144C200596CC8 /* SWRecipyAssembler.swift */,
				15BA802C2041450D00596CC8 /* SWConcreteRecipyAssembler.swift */,
				15119299207C748400D93751 /* SWStepsAssembler.swift */,
				1511929B207C74C900D93751 /* SWConcreteStepsAssembler.swift */,
				15A2581C208CACF800F738B5 /* SWFilterAssembler.swift */,
				15A2581E208CAD3400F738B5 /* SWConcreteFilterAssembler.swift */,
			);
			path = Assemblers;
			sourceTree = "<group>";
		};
		159C87DF209ACD33004436FE /* GestureRecognizers */ = {
			isa = PBXGroup;
			children = (
				159C87E0209ACD6B004436FE /* SWSwipeGestureRecognizer.swift */,
				159C87E420A98F0B004436FE /* SWSwipeDelegate.swift */,
				151C425B20CCF18F00582268 /* SWSwipeGestureRecognizer-2.swift */,
			);
			path = GestureRecognizers;
			sourceTree = "<group>";
		};
		15A25815208B2AFC00F738B5 /* TransparentView */ = {
			isa = PBXGroup;
			children = (
				15456D721FD2862B0018A1CD /* TransparentView.swift */,
				15A25816208B2B2A00F738B5 /* SWTransparentViewDelegate.swift */,
			);
			path = TransparentView;
			sourceTree = "<group>";
		};
		15B00C3A200B3AA3002B93A8 /* Wheels */ = {
			isa = PBXGroup;
			children = (
				15A25815208B2AFC00F738B5 /* TransparentView */,
				15F0BB351F404FCC006F646E /* WheelsViewController.swift */,
				15456D631FC94B320018A1CD /* PointerController.swift */,
				15F43C401FA99CA700732CED /* PinView.swift */,
				151AFE3E1F77B92E00CC5357 /* SVState.swift */,
				15F43C421FA99D4E00732CED /* PVDelegate.swift */,
				15A73CA01FB62B0800E3BB01 /* WState.swift */,
				151AFE441F8A858200CC5357 /* WSettings.swift */,
				15456D6F1FD27A5B0018A1CD /* Selection */,
				1525FE641FDC6477001CABF6 /* Overlay */,
				155BEC2D1FEFC8FD00E749B5 /* Options */,
				1508EEC11FF4B990003CF526 /* TranslatedRadial */,
				150FB1C81FFA2B34003F2601 /* WheelAbstraction */,
				15BA8025203FDAF900596CC8 /* SWWheelPositionCalculator.swift */,
				15D13D4920564A8B00D44923 /* SWLocksController.swift */,
			);
			path = Wheels;
			sourceTree = "<group>";
		};
		15B00C3D200B3E5D002B93A8 /* Onboarding */ = {
			isa = PBXGroup;
			children = (
				15F5D625208497EC00462DE7 /* ViewModel */,
				15B00C3B200B3C2D002B93A8 /* OnboardingViewController.swift */,
				15B00C3E200B3E89002B93A8 /* SWPagerStates.swift */,
				15B00C40200B489F002B93A8 /* SWPagerController.swift */,
				15F4AF2D2011E6AD00C486FF /* SWBowlSceneController.swift */,
				15F4AF2F2011E82F00C486FF /* SWBowlSceneView.swift */,
				15F4AF312013426F00C486FF /* SWBowlActSteps.swift */,
				15F4AF33201344B200C486FF /* SWBowlActParams.swift */,
				15F4AF38201702E000C486FF /* SWBowlActStory.swift */,
				15FBE5C92068F184008F37B4 /* SWBowlActOffsetAnchor.swift */,
			);
			path = Onboarding;
			sourceTree = "<group>";
		};
		15BA80272041435F00596CC8 /* Recipy */ = {
			isa = PBXGroup;
			children = (
				15BA80282041445100596CC8 /* RecipyViewController.swift */,
				15BA8043204813CC00596CC8 /* SWRecipyIngridientView.swift */,
				15D13D35204EEBA300D44923 /* SWRecipyServingsCounter.swift */,
				15D13D3B20529BED00D44923 /* SWRecipyStatsView.swift */,
				15D13D412052CF4500D44923 /* SWRecipyListView.swift */,
				15D13D432053EF4200D44923 /* SWRecipyBroccoliView.swift */,
				15A258982093835000F738B5 /* SWMoreButton.swift */,
				15A2589A20938DB200F738B5 /* SWLessButton.swift */,
			);
			path = Recipy;
			sourceTree = "<group>";
		};
		15BA803A2041F1D800596CC8 /* Utilities */ = {
			isa = PBXGroup;
			children = (
				15BA803B2041F23800596CC8 /* SWNameGenerator.swift */,
				15BA803D2041F28B00596CC8 /* SWConcreteNameGenerator.swift */,
				15A2581A208CA9D200F738B5 /* SWProtebaseNameGenerator.swift */,
				15D13D37204EEC0100D44923 /* SWServingsGenerator.swift */,
				15D13D39204EEC4C00D44923 /* SWConcreteServingsGenerator.swift */,
				15D13D3D2052C68B00D44923 /* SWRecipyListGenerator.swift */,
				15D13D3F2052C7C300D44923 /* SWConcreteRecipyListGenerator.swift */,
				15D13D452054128700D44923 /* SWWheelsAligner.swift */,
				15D13D472054135600D44923 /* SWWideWheelsAligner.swift */,
				15D13D4B2057A03700D44923 /* SWNarrowWheelsAligner.swift */,
				1511929D207CC6E400D93751 /* SWFeedbackService.swift */,
				1511929F207CC79700D93751 /* SWFeedbackOverHttpService.swift */,
				15A25811208B133200F738B5 /* SWTipGenerator.swift */,
				15A25813208B134500F738B5 /* SWConcreteTipGenerator.swift */,
				15A25820208CBA6D00F738B5 /* SWDebugger.swift */,
				15A2589C2093933E00F738B5 /* SWOptionAligner.swift */,
				15A2589E2093942500F738B5 /* SWConcreteOptionAligner.swift */,
			);
			path = Utilities;
			sourceTree = "<group>";
		};
		15C91AE620AFEC30003AD754 /* Transitions */ = {
			isa = PBXGroup;
			children = (
				15C91AED20B52EB1003AD754 /* SWSwipeInteractiveTransition.swift */,
				15C91AE720AFF06F003AD754 /* SWDismissAnimationController.swift */,
				15C91AEB20B52A0C003AD754 /* SWNavigationController.swift */,
				15C91AF320C2697B003AD754 /* SWDismissableViewController.swift */,
			);
			path = Transitions;
			sourceTree = "<group>";
		};
		15F0BB271F404FCC006F646E = {
			isa = PBXGroup;
			children = (
				15F0BB321F404FCC006F646E /* Wheel */,
				15F0BB471F404FCC006F646E /* WheelTests */,
				15F0BB521F404FCC006F646E /* WheelUITests */,
				15F0BB311F404FCC006F646E /* Products */,
			);
			sourceTree = "<group>";
		};
		15F0BB311F404FCC006F646E /* Products */ = {
			isa = PBXGroup;
			children = (
				15F0BB301F404FCC006F646E /* Wheel.app */,
				15F0BB441F404FCC006F646E /* WheelTests.xctest */,
				15F0BB4F1F404FCC006F646E /* WheelUITests.xctest */,
			);
			name = Products;
			sourceTree = "<group>";
		};
		15F0BB321F404FCC006F646E /* Wheel */ = {
			isa = PBXGroup;
			children = (
				15BA803A2041F1D800596CC8 /* Utilities */,
				158387A5203408A2001E4008 /* Assemblers */,
				158387A020340321001E4008 /* Repositories */,
				1583879B2033FE32001E4008 /* Model */,
				15C91AE620AFEC30003AD754 /* Transitions */,
				159C87DF209ACD33004436FE /* GestureRecognizers */,
				156B0BDA203966FF00CFEEA4 /* Afterlaunch */,
				15456D5C1FC028AD0018A1CD /* Extensions */,
				15BA80272041435F00596CC8 /* Recipy */,
				15838790202ED774001E4008 /* Filter */,
				15119296207B679100D93751 /* Steps */,
				15B00C3D200B3E5D002B93A8 /* Onboarding */,
				15B00C3A200B3AA3002B93A8 /* Wheels */,
				15F0BB331F404FCC006F646E /* AppDelegate.swift */,
				15BBE174200A80D20050878B /* SWConfiguration.swift */,
				15F0BB371F404FCC006F646E /* Main.storyboard */,
				15F0BB3A1F404FCC006F646E /* Assets.xcassets */,
				15F0BB3C1F404FCC006F646E /* LaunchScreen.storyboard */,
				15F0BB3F1F404FCC006F646E /* Info.plist */,
			);
			path = Wheel;
			sourceTree = "<group>";
		};
		15F0BB471F404FCC006F646E /* WheelTests */ = {
			isa = PBXGroup;
			children = (
				15F0BB481F404FCC006F646E /* WheelTests.swift */,
				15F0BB4A1F404FCC006F646E /* Info.plist */,
			);
			path = WheelTests;
			sourceTree = "<group>";
		};
		15F0BB521F404FCC006F646E /* WheelUITests */ = {
			isa = PBXGroup;
			children = (
				15F0BB531F404FCC006F646E /* WheelUITests.swift */,
				15F0BB551F404FCC006F646E /* Info.plist */,
			);
			path = WheelUITests;
			sourceTree = "<group>";
		};
		15F5D625208497EC00462DE7 /* ViewModel */ = {
			isa = PBXGroup;
			children = (
				15F5D62320848CA600462DE7 /* SWBowlTimeline.swift */,
				15F5D6262084981D00462DE7 /* SWBowlTimelineRepository.swift */,
				15F5D628208498E400462DE7 /* SWInmemoryBowlTimelineRepository.swift */,
			);
			path = ViewModel;
			sourceTree = "<group>";
		};
		15F5D62A2087003E00462DE7 /* Tip */ = {
			isa = PBXGroup;
			children = (
				15F5D62B208700A100462DE7 /* SWTipController.swift */,
			);
			path = Tip;
			sourceTree = "<group>";
		};
/* End PBXGroup section */

/* Begin PBXNativeTarget section */
		15F0BB2F1F404FCC006F646E /* Wheel */ = {
			isa = PBXNativeTarget;
			buildConfigurationList = 15F0BB581F404FCC006F646E /* Build configuration list for PBXNativeTarget "Wheel" */;
			buildPhases = (
				15F0BB2C1F404FCC006F646E /* Sources */,
				15F0BB2D1F404FCC006F646E /* Frameworks */,
				15F0BB2E1F404FCC006F646E /* Resources */,
			);
			buildRules = (
			);
			dependencies = (
			);
			name = Wheel;
			productName = Wheel;
			productReference = 15F0BB301F404FCC006F646E /* Wheel.app */;
			productType = "com.apple.product-type.application";
		};
		15F0BB431F404FCC006F646E /* WheelTests */ = {
			isa = PBXNativeTarget;
			buildConfigurationList = 15F0BB5B1F404FCC006F646E /* Build configuration list for PBXNativeTarget "WheelTests" */;
			buildPhases = (
				15F0BB401F404FCC006F646E /* Sources */,
				15F0BB411F404FCC006F646E /* Frameworks */,
				15F0BB421F404FCC006F646E /* Resources */,
			);
			buildRules = (
			);
			dependencies = (
				15F0BB461F404FCC006F646E /* PBXTargetDependency */,
			);
			name = WheelTests;
			productName = WheelTests;
			productReference = 15F0BB441F404FCC006F646E /* WheelTests.xctest */;
			productType = "com.apple.product-type.bundle.unit-test";
		};
		15F0BB4E1F404FCC006F646E /* WheelUITests */ = {
			isa = PBXNativeTarget;
			buildConfigurationList = 15F0BB5E1F404FCC006F646E /* Build configuration list for PBXNativeTarget "WheelUITests" */;
			buildPhases = (
				15F0BB4B1F404FCC006F646E /* Sources */,
				15F0BB4C1F404FCC006F646E /* Frameworks */,
				15F0BB4D1F404FCC006F646E /* Resources */,
			);
			buildRules = (
			);
			dependencies = (
				15F0BB511F404FCC006F646E /* PBXTargetDependency */,
			);
			name = WheelUITests;
			productName = WheelUITests;
			productReference = 15F0BB4F1F404FCC006F646E /* WheelUITests.xctest */;
			productType = "com.apple.product-type.bundle.ui-testing";
		};
/* End PBXNativeTarget section */

/* Begin PBXProject section */
		15F0BB281F404FCC006F646E /* Project object */ = {
			isa = PBXProject;
			attributes = {
				LastSwiftUpdateCheck = 0830;
				LastUpgradeCheck = 0920;
				ORGANIZATIONNAME = "Oleg Sokolansky";
				TargetAttributes = {
					15F0BB2F1F404FCC006F646E = {
						CreatedOnToolsVersion = 8.3.3;
						DevelopmentTeam = C6HVJ64EDS;
						LastSwiftMigration = 0920;
						ProvisioningStyle = Manual;
					};
					15F0BB431F404FCC006F646E = {
						CreatedOnToolsVersion = 8.3.3;
						DevelopmentTeam = C6HVJ64EDS;
						LastSwiftMigration = 0920;
						ProvisioningStyle = Automatic;
						TestTargetID = 15F0BB2F1F404FCC006F646E;
					};
					15F0BB4E1F404FCC006F646E = {
						CreatedOnToolsVersion = 8.3.3;
						DevelopmentTeam = C6HVJ64EDS;
						LastSwiftMigration = 0920;
						ProvisioningStyle = Automatic;
						TestTargetID = 15F0BB2F1F404FCC006F646E;
					};
				};
			};
			buildConfigurationList = 15F0BB2B1F404FCC006F646E /* Build configuration list for PBXProject "Wheel" */;
			compatibilityVersion = "Xcode 3.2";
			developmentRegion = English;
			hasScannedForEncodings = 0;
			knownRegions = (
				en,
				Base,
			);
			mainGroup = 15F0BB271F404FCC006F646E;
			productRefGroup = 15F0BB311F404FCC006F646E /* Products */;
			projectDirPath = "";
			projectRoot = "";
			targets = (
				15F0BB2F1F404FCC006F646E /* Wheel */,
				15F0BB431F404FCC006F646E /* WheelTests */,
				15F0BB4E1F404FCC006F646E /* WheelUITests */,
			);
		};
/* End PBXProject section */

/* Begin PBXResourcesBuildPhase section */
		15F0BB2E1F404FCC006F646E /* Resources */ = {
			isa = PBXResourcesBuildPhase;
			buildActionMask = 2147483647;
			files = (
				15F0BB3E1F404FCC006F646E /* LaunchScreen.storyboard in Resources */,
				15F0BB3B1F404FCC006F646E /* Assets.xcassets in Resources */,
				15F0BB391F404FCC006F646E /* Main.storyboard in Resources */,
			);
			runOnlyForDeploymentPostprocessing = 0;
		};
		15F0BB421F404FCC006F646E /* Resources */ = {
			isa = PBXResourcesBuildPhase;
			buildActionMask = 2147483647;
			files = (
			);
			runOnlyForDeploymentPostprocessing = 0;
		};
		15F0BB4D1F404FCC006F646E /* Resources */ = {
			isa = PBXResourcesBuildPhase;
			buildActionMask = 2147483647;
			files = (
			);
			runOnlyForDeploymentPostprocessing = 0;
		};
/* End PBXResourcesBuildPhase section */

/* Begin PBXSourcesBuildPhase section */
		15F0BB2C1F404FCC006F646E /* Sources */ = {
			isa = PBXSourcesBuildPhase;
			buildActionMask = 2147483647;
			files = (
				15BA801E203BF46400596CC8 /* SWBlocking.swift in Sources */,
				15456D6C1FCB0DA10018A1CD /* SWIngredient.swift in Sources */,
				158387A220340371001E4008 /* SWOptionRepository.swift in Sources */,
				15BB5A4B1FE6513A003816AF /* SelectionState.swift in Sources */,
				15BA803E2041F28B00596CC8 /* SWConcreteNameGenerator.swift in Sources */,
				15456D7D1FD9E0130018A1CD /* FloatingSelectedViewStates.swift in Sources */,
				15F4AF322013426F00C486FF /* SWBowlActSteps.swift in Sources */,
				15BA803920414EFF00596CC8 /* SWInmemoryComponentRepository.swift in Sources */,
				15BA803320414B5000596CC8 /* SWRecipyRepository.swift in Sources */,
				15A25821208CBA6D00F738B5 /* SWDebugger.swift in Sources */,
				1583879A203045A8001E4008 /* SWAllergiesOptionView.swift in Sources */,
				155BEC331FF0300000E749B5 /* OptionsActions.swift in Sources */,
				15D13D482054135600D44923 /* SWWideWheelsAligner.swift in Sources */,
				15F4AF302011E82F00C486FF /* SWBowlSceneView.swift in Sources */,
				15D13D442053EF4200D44923 /* SWRecipyBroccoliView.swift in Sources */,
				154B44862000B5B100E80DAF /* SWWheelViewAbstracted.swift in Sources */,
				15C91AF420C2697B003AD754 /* SWDismissableViewController.swift in Sources */,
				15A2581F208CAD3400F738B5 /* SWConcreteFilterAssembler.swift in Sources */,
				15F43C411FA99CA700732CED /* PinView.swift in Sources */,
				151AFE3F1F77B92E00CC5357 /* SVState.swift in Sources */,
				156B0BE220396E1A00CFEEA4 /* SWSegueRepository.swift in Sources */,
				15BB5A4D1FE6714D003816AF /* SelectionDelegate.swift in Sources */,
				15BA8020203BF57F00596CC8 /* SWBlockingRepository.swift in Sources */,
				15A258992093835000F738B5 /* SWMoreButton.swift in Sources */,
				15A77A0B1FFB533B0030304F /* SWAbstractWheelController.swift in Sources */,
				15BA80402041F5B200596CC8 /* Int.swift in Sources */,
				156B0BD72039632900CFEEA4 /* SWAfterlaunchAssembler.swift in Sources */,
				1525FE621FDA6BA0001CABF6 /* FloatingSelectedView.swift in Sources */,
				15D13D462054128700D44923 /* SWWheelsAligner.swift in Sources */,
				15BA8026203FDAF900596CC8 /* SWWheelPositionCalculator.swift in Sources */,
				158387AB20340F2A001E4008 /* SWConcreteRootAssembler.swift in Sources */,
				15A2589F2093942500F738B5 /* SWConcreteOptionAligner.swift in Sources */,
				150FB1C71FF8CA65003F2601 /* SWAbstractWheelView.swift in Sources */,
				15D13D36204EEBA300D44923 /* SWRecipyServingsCounter.swift in Sources */,
				15A73CA11FB62B0800E3BB01 /* WState.swift in Sources */,
				156B0BCD20395E0900CFEEA4 /* SWIngredientRepository.swift in Sources */,
				156B0BD5203962A100CFEEA4 /* SWInmemoryAppStateRepository.swift in Sources */,
				15A2589B20938DB200F738B5 /* SWLessButton.swift in Sources */,
				1583878C202ACFD7001E4008 /* UIBarButtonItem.swift in Sources */,
				15BA802D2041450D00596CC8 /* SWConcreteRecipyAssembler.swift in Sources */,
				15D13D2A204E79B400D44923 /* SWMeasuresment.swift in Sources */,
				15119298207B67D200D93751 /* StepsViewController.swift in Sources */,
				15F5D6222080782400462DE7 /* SWValidatedInputStates.swift in Sources */,
				15A25812208B133200F738B5 /* SWTipGenerator.swift in Sources */,
				15F0BB361F404FCC006F646E /* WheelsViewController.swift in Sources */,
				15D13D3E2052C68B00D44923 /* SWRecipyListGenerator.swift in Sources */,
				15D13D4C2057A03700D44923 /* SWNarrowWheelsAligner.swift in Sources */,
				15B00C3F200B3E89002B93A8 /* SWPagerStates.swift in Sources */,
				15A25817208B2B2A00F738B5 /* SWTransparentViewDelegate.swift in Sources */,
				15D13D30204E7BA100D44923 /* SWIngredientStats.swift in Sources */,
				156B0BDE20396CF700CFEEA4 /* SWOnboardingAssembler.swift in Sources */,
				15BA803520414BB200596CC8 /* SWInmemoryRecipyRepository.swift in Sources */,
				15C91AE820AFF06F003AD754 /* SWDismissAnimationController.swift in Sources */,
				15F43C431FA99D4E00732CED /* PVDelegate.swift in Sources */,
				15A2581D208CACF800F738B5 /* SWFilterAssembler.swift in Sources */,
				15F0BB341F404FCC006F646E /* AppDelegate.swift in Sources */,
				156B0BD32039626000CFEEA4 /* SWAppStateRepository.swift in Sources */,
				15C91AEE20B52EB1003AD754 /* SWSwipeInteractiveTransition.swift in Sources */,
				151192A2207DC67000D93751 /* UITextField.swift in Sources */,
				1508EEC71FF4C90C003CF526 /* SWWheelSettings.swift in Sources */,
				15456D731FD2862B0018A1CD /* TransparentView.swift in Sources */,
				151AFE451F8A858200CC5357 /* WSettings.swift in Sources */,
				156B0BEA2039799F00CFEEA4 /* SWConcreteOnboardingAssembler.swift in Sources */,
				156B0BE62039709000CFEEA4 /* SWWheelsAssembler.swift in Sources */,
				1583879D2033FEA7001E4008 /* SWOptionType.swift in Sources */,
				15D13D2C204E7A9600D44923 /* SWMeasuresmentRepository.swift in Sources */,
				15D13D34204E894600D44923 /* SWInmemoryIngredientStatsRepository.swift in Sources */,
				15456D5A1FC0263A0018A1CD /* CGRect.swift in Sources */,
				15F4AF34201344B200C486FF /* SWBowlActParams.swift in Sources */,
				15A2589D2093933E00F738B5 /* SWOptionAligner.swift in Sources */,
				15F6D0F11FE4F46C00200E45 /* NamedPinState.swift in Sources */,
				15456D771FD6D82E0018A1CD /* SelectedHolderView.swift in Sources */,
				15456D661FC978C60018A1CD /* UIFont.swift in Sources */,
				15F5D6272084981D00462DE7 /* SWBowlTimelineRepository.swift in Sources */,
				15D13D3C20529BED00D44923 /* SWRecipyStatsView.swift in Sources */,
				1547C2A91FB968CD009C8320 /* UIColor.swift in Sources */,
				15BA802F204146A900596CC8 /* SWRecipy.swift in Sources */,
				15F4AF2E2011E6AD00C486FF /* SWBowlSceneController.swift in Sources */,
				15F43C451FAF655100732CED /* CGSize.swift in Sources */,
				15BA803C2041F23800596CC8 /* SWNameGenerator.swift in Sources */,
				15F5D62420848CA600462DE7 /* SWBowlTimeline.swift in Sources */,
				151AFE491FA119FD00CC5357 /* UIImage.swift in Sources */,
				15D13D422052CF4500D44923 /* SWRecipyListView.swift in Sources */,
				158387A920340DBC001E4008 /* SWContext.swift in Sources */,
				15456D6E1FCBD9910018A1CD /* SelectionController.swift in Sources */,
				15456D751FD692C10018A1CD /* UIScrollView.swift in Sources */,
				156B0BE420396E7E00CFEEA4 /* SWInmemorySegueRepository.swift in Sources */,
				1511929A207C748400D93751 /* SWStepsAssembler.swift in Sources */,
				15A77A11200019150030304F /* SWRingMaskView.swift in Sources */,
				155BEC2F1FEFC93E00E749B5 /* OptionsController.swift in Sources */,
				15B00C41200B489F002B93A8 /* SWPagerController.swift in Sources */,
				15838792202ED7A3001E4008 /* FilterViewController.swift in Sources */,
				156B0BE82039717500CFEEA4 /* SWConcreteWheelsAssembler.swift in Sources */,
				15456D791FD7E0880018A1CD /* CGPoint.swift in Sources */,
				15D13D2E204E7B2400D44923 /* SWInmemoryMeasuresmentRepository.swift in Sources */,
				158387A4203403F9001E4008 /* SWInmemoryOptionRepository.swift in Sources */,
				15A77A0F1FFC25410030304F /* SWWheelView.swift in Sources */,
				159C87E520A98F0B004436FE /* SWSwipeDelegate.swift in Sources */,
				159C87E1209ACD6B004436FE /* SWSwipeGestureRecognizer.swift in Sources */,
				15B00C3C200B3C2D002B93A8 /* OnboardingViewController.swift in Sources */,
				15BA802B204144C200596CC8 /* SWRecipyAssembler.swift in Sources */,
				156B0BCF20395E8000CFEEA4 /* SWInmemoryIngredientRepository.swift in Sources */,
				15BA8031204147C700596CC8 /* SWComponent.swift in Sources */,
				15A25814208B134500F738B5 /* SWConcreteTipGenerator.swift in Sources */,
				15A2581B208CA9D200F738B5 /* SWProtebaseNameGenerator.swift in Sources */,
				158387AD203554A7001E4008 /* String.swift in Sources */,
				15BA8022203C01F200596CC8 /* SWInmemoryBlockingRepository.swift in Sources */,
				15D13D32204E88D400D44923 /* SWIngredientStatsRepository.swift in Sources */,
				1511929C207C74C900D93751 /* SWConcreteStepsAssembler.swift in Sources */,
				15F5D629208498E400462DE7 /* SWInmemoryBowlTimelineRepository.swift in Sources */,
				15DF420A1FDE9C2C00B6CC62 /* NamedPinView.swift in Sources */,
				154DF0B3201C5C2B00B8391A /* NSAttributedString.swift in Sources */,
				1508EEC91FF4E995003CF526 /* SWSpoke.swift in Sources */,
				15456D581FC0116C0018A1CD /* UIView.swift in Sources */,
				15D13D3A204EEC4C00D44923 /* SWConcreteServingsGenerator.swift in Sources */,
				15F4AF39201702E100C486FF /* SWBowlActStory.swift in Sources */,
				15456D6A1FCAB8670018A1CD /* SWIngredientKinds.swift in Sources */,
				15D13D4E2057CFE900D44923 /* SWOverlayController.swift in Sources */,
				15C91AEC20B52A0C003AD754 /* SWNavigationController.swift in Sources */,
				15BA801C203A9BE900596CC8 /* CGFloat.swift in Sources */,
				15BA8044204813CC00596CC8 /* SWRecipyIngridientView.swift in Sources */,
				156B0BE020396DE100CFEEA4 /* SWSegue.swift in Sources */,
				151192A0207CC79700D93751 /* SWFeedbackOverHttpService.swift in Sources */,
				15D13D5020581EA600D44923 /* SWTranslatedOverlayController.swift in Sources */,
				15DF42061FDD3BCC00B6CC62 /* OverlayControllerDelegate.swift in Sources */,
				158387A7203409B9001E4008 /* SWRootAssembler.swift in Sources */,
				155BEC2C1FEB8C6E00E749B5 /* ToOverlayButton.swift in Sources */,
				15456D641FC94B320018A1CD /* PointerController.swift in Sources */,
				151C425C20CCF18F00582268 /* SWSwipeGestureRecognizer-2.swift in Sources */,
				150FB1CA1FFA2C05003F2601 /* SWAbstractWheelDelegate.swift in Sources */,
				15F5D62C208700A100462DE7 /* SWTipController.swift in Sources */,
				15838794202EE724001E4008 /* SWIngrigientsOptionView.swift in Sources */,
				15BA80292041445100596CC8 /* RecipyViewController.swift in Sources */,
				15BBE175200A80D20050878B /* SWConfiguration.swift in Sources */,
				154DF0B5201C5CBE00B8391A /* UILabel.swift in Sources */,
				1583879620303F51001E4008 /* SWHeaderOptionView.swift in Sources */,
				15838798203043B8001E4008 /* SWAlignableProtocol.swift in Sources */,
				15D13D38204EEC0100D44923 /* SWServingsGenerator.swift in Sources */,
				15FBE5CA2068F184008F37B4 /* SWBowlActOffsetAnchor.swift in Sources */,
				154DF0B1201AFCDB00B8391A /* NSDataAsset.swift in Sources */,
				1583879F2033FEE8001E4008 /* SWOption.swift in Sources */,
				156B0BD9203963A100CFEEA4 /* SWConcreteAfterlaunchAssembler.swift in Sources */,
				15DF420C1FE1352B00B6CC62 /* Floatable.swift in Sources */,
				155BEC311FF02F5800E749B5 /* OptionsDelegate.swift in Sources */,
				154B44842000B33400E80DAF /* SWRingMaskDelegate.swift in Sources */,
				15BA803720414E8F00596CC8 /* SWComponentRepository.swift in Sources */,
				15F5D6202080747B00462DE7 /* SWValidationLine.swift in Sources */,
				156B0BDC2039673200CFEEA4 /* AfterlaunchViewController.swift in Sources */,
				15D13D402052C7C300D44923 /* SWConcreteRecipyListGenerator.swift in Sources */,
				15D13D4A20564A8B00D44923 /* SWLocksController.swift in Sources */,
				1511929E207CC6E500D93751 /* SWFeedbackService.swift in Sources */,
				15456D5E1FC0292F0018A1CD /* UIButton.swift in Sources */,
				15BA8024203D3ABD00596CC8 /* SWAbstractWheelControllerDelegate.swift in Sources */,
				156B0BD1203961FB00CFEEA4 /* SWAppState.swift in Sources */,
			);
			runOnlyForDeploymentPostprocessing = 0;
		};
		15F0BB401F404FCC006F646E /* Sources */ = {
			isa = PBXSourcesBuildPhase;
			buildActionMask = 2147483647;
			files = (
				15F0BB491F404FCC006F646E /* WheelTests.swift in Sources */,
			);
			runOnlyForDeploymentPostprocessing = 0;
		};
		15F0BB4B1F404FCC006F646E /* Sources */ = {
			isa = PBXSourcesBuildPhase;
			buildActionMask = 2147483647;
			files = (
				15F0BB541F404FCC006F646E /* WheelUITests.swift in Sources */,
			);
			runOnlyForDeploymentPostprocessing = 0;
		};
/* End PBXSourcesBuildPhase section */

/* Begin PBXTargetDependency section */
		15F0BB461F404FCC006F646E /* PBXTargetDependency */ = {
			isa = PBXTargetDependency;
			target = 15F0BB2F1F404FCC006F646E /* Wheel */;
			targetProxy = 15F0BB451F404FCC006F646E /* PBXContainerItemProxy */;
		};
		15F0BB511F404FCC006F646E /* PBXTargetDependency */ = {
			isa = PBXTargetDependency;
			target = 15F0BB2F1F404FCC006F646E /* Wheel */;
			targetProxy = 15F0BB501F404FCC006F646E /* PBXContainerItemProxy */;
		};
/* End PBXTargetDependency section */

/* Begin PBXVariantGroup section */
		15F0BB371F404FCC006F646E /* Main.storyboard */ = {
			isa = PBXVariantGroup;
			children = (
				15F0BB381F404FCC006F646E /* Base */,
			);
			name = Main.storyboard;
			sourceTree = "<group>";
		};
		15F0BB3C1F404FCC006F646E /* LaunchScreen.storyboard */ = {
			isa = PBXVariantGroup;
			children = (
				15F0BB3D1F404FCC006F646E /* Base */,
			);
			name = LaunchScreen.storyboard;
			sourceTree = "<group>";
		};
/* End PBXVariantGroup section */

/* Begin XCBuildConfiguration section */
		15F0BB561F404FCC006F646E /* Debug */ = {
			isa = XCBuildConfiguration;
			buildSettings = {
				ALWAYS_SEARCH_USER_PATHS = NO;
				CLANG_ANALYZER_NONNULL = YES;
				CLANG_ANALYZER_NUMBER_OBJECT_CONVERSION = YES_AGGRESSIVE;
				CLANG_CXX_LANGUAGE_STANDARD = "gnu++0x";
				CLANG_CXX_LIBRARY = "libc++";
				CLANG_ENABLE_MODULES = YES;
				CLANG_ENABLE_OBJC_ARC = YES;
				CLANG_WARN_BLOCK_CAPTURE_AUTORELEASING = YES;
				CLANG_WARN_BOOL_CONVERSION = YES;
				CLANG_WARN_COMMA = YES;
				CLANG_WARN_CONSTANT_CONVERSION = YES;
				CLANG_WARN_DIRECT_OBJC_ISA_USAGE = YES_ERROR;
				CLANG_WARN_DOCUMENTATION_COMMENTS = YES;
				CLANG_WARN_EMPTY_BODY = YES;
				CLANG_WARN_ENUM_CONVERSION = YES;
				CLANG_WARN_INFINITE_RECURSION = YES;
				CLANG_WARN_INT_CONVERSION = YES;
				CLANG_WARN_NON_LITERAL_NULL_CONVERSION = YES;
				CLANG_WARN_OBJC_LITERAL_CONVERSION = YES;
				CLANG_WARN_OBJC_ROOT_CLASS = YES_ERROR;
				CLANG_WARN_RANGE_LOOP_ANALYSIS = YES;
				CLANG_WARN_STRICT_PROTOTYPES = YES;
				CLANG_WARN_SUSPICIOUS_MOVE = YES;
				CLANG_WARN_UNREACHABLE_CODE = YES;
				CLANG_WARN__DUPLICATE_METHOD_MATCH = YES;
				"CODE_SIGN_IDENTITY[sdk=iphoneos*]" = "iPhone Developer";
				COPY_PHASE_STRIP = NO;
				DEBUG_INFORMATION_FORMAT = dwarf;
				ENABLE_STRICT_OBJC_MSGSEND = YES;
				ENABLE_TESTABILITY = YES;
				GCC_C_LANGUAGE_STANDARD = gnu99;
				GCC_DYNAMIC_NO_PIC = NO;
				GCC_NO_COMMON_BLOCKS = YES;
				GCC_OPTIMIZATION_LEVEL = 0;
				GCC_PREPROCESSOR_DEFINITIONS = (
					"DEBUG=1",
					"$(inherited)",
				);
				GCC_WARN_64_TO_32_BIT_CONVERSION = YES;
				GCC_WARN_ABOUT_RETURN_TYPE = YES_ERROR;
				GCC_WARN_UNDECLARED_SELECTOR = YES;
				GCC_WARN_UNINITIALIZED_AUTOS = YES_AGGRESSIVE;
				GCC_WARN_UNUSED_FUNCTION = YES;
				GCC_WARN_UNUSED_VARIABLE = YES;
				IPHONEOS_DEPLOYMENT_TARGET = 10.3;
				MTL_ENABLE_DEBUG_INFO = YES;
				ONLY_ACTIVE_ARCH = YES;
				SDKROOT = iphoneos;
				SWIFT_ACTIVE_COMPILATION_CONDITIONS = DEBUG;
				SWIFT_OPTIMIZATION_LEVEL = "-Onone";
				SWIFT_VERSION = 4.0;
			};
			name = Debug;
		};
		15F0BB571F404FCC006F646E /* Release */ = {
			isa = XCBuildConfiguration;
			buildSettings = {
				ALWAYS_SEARCH_USER_PATHS = NO;
				CLANG_ANALYZER_NONNULL = YES;
				CLANG_ANALYZER_NUMBER_OBJECT_CONVERSION = YES_AGGRESSIVE;
				CLANG_CXX_LANGUAGE_STANDARD = "gnu++0x";
				CLANG_CXX_LIBRARY = "libc++";
				CLANG_ENABLE_MODULES = YES;
				CLANG_ENABLE_OBJC_ARC = YES;
				CLANG_WARN_BLOCK_CAPTURE_AUTORELEASING = YES;
				CLANG_WARN_BOOL_CONVERSION = YES;
				CLANG_WARN_COMMA = YES;
				CLANG_WARN_CONSTANT_CONVERSION = YES;
				CLANG_WARN_DIRECT_OBJC_ISA_USAGE = YES_ERROR;
				CLANG_WARN_DOCUMENTATION_COMMENTS = YES;
				CLANG_WARN_EMPTY_BODY = YES;
				CLANG_WARN_ENUM_CONVERSION = YES;
				CLANG_WARN_INFINITE_RECURSION = YES;
				CLANG_WARN_INT_CONVERSION = YES;
				CLANG_WARN_NON_LITERAL_NULL_CONVERSION = YES;
				CLANG_WARN_OBJC_LITERAL_CONVERSION = YES;
				CLANG_WARN_OBJC_ROOT_CLASS = YES_ERROR;
				CLANG_WARN_RANGE_LOOP_ANALYSIS = YES;
				CLANG_WARN_STRICT_PROTOTYPES = YES;
				CLANG_WARN_SUSPICIOUS_MOVE = YES;
				CLANG_WARN_UNREACHABLE_CODE = YES;
				CLANG_WARN__DUPLICATE_METHOD_MATCH = YES;
				"CODE_SIGN_IDENTITY[sdk=iphoneos*]" = "iPhone Developer";
				COPY_PHASE_STRIP = NO;
				DEBUG_INFORMATION_FORMAT = "dwarf-with-dsym";
				ENABLE_NS_ASSERTIONS = NO;
				ENABLE_STRICT_OBJC_MSGSEND = YES;
				GCC_C_LANGUAGE_STANDARD = gnu99;
				GCC_NO_COMMON_BLOCKS = YES;
				GCC_WARN_64_TO_32_BIT_CONVERSION = YES;
				GCC_WARN_ABOUT_RETURN_TYPE = YES_ERROR;
				GCC_WARN_UNDECLARED_SELECTOR = YES;
				GCC_WARN_UNINITIALIZED_AUTOS = YES_AGGRESSIVE;
				GCC_WARN_UNUSED_FUNCTION = YES;
				GCC_WARN_UNUSED_VARIABLE = YES;
				IPHONEOS_DEPLOYMENT_TARGET = 10.3;
				MTL_ENABLE_DEBUG_INFO = NO;
				SDKROOT = iphoneos;
				SWIFT_OPTIMIZATION_LEVEL = "-Owholemodule";
				SWIFT_VERSION = 4.0;
				VALIDATE_PRODUCT = YES;
			};
			name = Release;
		};
		15F0BB591F404FCC006F646E /* Debug */ = {
			isa = XCBuildConfiguration;
			buildSettings = {
				ASSETCATALOG_COMPILER_APPICON_NAME = AppIcon;
				"CODE_SIGN_IDENTITY[sdk=iphoneos*]" = "iPhone Developer";
				CODE_SIGN_STYLE = Manual;
				DEVELOPMENT_TEAM = C6HVJ64EDS;
				INFOPLIST_FILE = Wheel/Info.plist;
				LD_RUNPATH_SEARCH_PATHS = "$(inherited) @executable_path/Frameworks";
				PRODUCT_BUNDLE_IDENTIFIER = "com.wheel-inventors.saladwheel";
				PRODUCT_NAME = "$(TARGET_NAME)";
				PROVISIONING_PROFILE = "5af5e86f-a9fb-4677-8543-6001d354cadb";
				PROVISIONING_PROFILE_SPECIFIER = "salad-wheel-dev";
				SWIFT_SWIFT3_OBJC_INFERENCE = Default;
				SWIFT_VERSION = 4.0;
			};
			name = Debug;
		};
		15F0BB5A1F404FCC006F646E /* Release */ = {
			isa = XCBuildConfiguration;
			buildSettings = {
				ASSETCATALOG_COMPILER_APPICON_NAME = AppIcon;
				"CODE_SIGN_IDENTITY[sdk=iphoneos*]" = "iPhone Distribution";
				CODE_SIGN_STYLE = Manual;
				DEVELOPMENT_TEAM = C6HVJ64EDS;
				INFOPLIST_FILE = Wheel/Info.plist;
				LD_RUNPATH_SEARCH_PATHS = "$(inherited) @executable_path/Frameworks";
				PRODUCT_BUNDLE_IDENTIFIER = "com.wheel-inventors.saladwheel";
				PRODUCT_NAME = "$(TARGET_NAME)";
				PROVISIONING_PROFILE = "4e3f3a4d-caff-47cd-8799-65258a52a4a0";
				PROVISIONING_PROFILE_SPECIFIER = "app-store salad-wheel distribution";
				SWIFT_SWIFT3_OBJC_INFERENCE = Default;
				SWIFT_VERSION = 4.0;
			};
			name = Release;
		};
		15F0BB5C1F404FCC006F646E /* Debug */ = {
			isa = XCBuildConfiguration;
			buildSettings = {
				ALWAYS_EMBED_SWIFT_STANDARD_LIBRARIES = YES;
				BUNDLE_LOADER = "$(TEST_HOST)";
				DEVELOPMENT_TEAM = C6HVJ64EDS;
				INFOPLIST_FILE = WheelTests/Info.plist;
				LD_RUNPATH_SEARCH_PATHS = "$(inherited) @executable_path/Frameworks @loader_path/Frameworks";
				PRODUCT_BUNDLE_IDENTIFIER = olegtests.WheelTests;
				PRODUCT_NAME = "$(TARGET_NAME)";
				SWIFT_SWIFT3_OBJC_INFERENCE = On;
				SWIFT_VERSION = 4.0;
				TEST_HOST = "$(BUILT_PRODUCTS_DIR)/Wheel.app/Wheel";
			};
			name = Debug;
		};
		15F0BB5D1F404FCC006F646E /* Release */ = {
			isa = XCBuildConfiguration;
			buildSettings = {
				ALWAYS_EMBED_SWIFT_STANDARD_LIBRARIES = YES;
				BUNDLE_LOADER = "$(TEST_HOST)";
				DEVELOPMENT_TEAM = C6HVJ64EDS;
				INFOPLIST_FILE = WheelTests/Info.plist;
				LD_RUNPATH_SEARCH_PATHS = "$(inherited) @executable_path/Frameworks @loader_path/Frameworks";
				PRODUCT_BUNDLE_IDENTIFIER = olegtests.WheelTests;
				PRODUCT_NAME = "$(TARGET_NAME)";
				SWIFT_SWIFT3_OBJC_INFERENCE = On;
				SWIFT_VERSION = 4.0;
				TEST_HOST = "$(BUILT_PRODUCTS_DIR)/Wheel.app/Wheel";
			};
			name = Release;
		};
		15F0BB5F1F404FCC006F646E /* Debug */ = {
			isa = XCBuildConfiguration;
			buildSettings = {
				ALWAYS_EMBED_SWIFT_STANDARD_LIBRARIES = YES;
				DEVELOPMENT_TEAM = C6HVJ64EDS;
				INFOPLIST_FILE = WheelUITests/Info.plist;
				LD_RUNPATH_SEARCH_PATHS = "$(inherited) @executable_path/Frameworks @loader_path/Frameworks";
				PRODUCT_BUNDLE_IDENTIFIER = olegtests.WheelUITests;
				PRODUCT_NAME = "$(TARGET_NAME)";
				SWIFT_SWIFT3_OBJC_INFERENCE = On;
				SWIFT_VERSION = 4.0;
				TEST_TARGET_NAME = Wheel;
			};
			name = Debug;
		};
		15F0BB601F404FCC006F646E /* Release */ = {
			isa = XCBuildConfiguration;
			buildSettings = {
				ALWAYS_EMBED_SWIFT_STANDARD_LIBRARIES = YES;
				DEVELOPMENT_TEAM = C6HVJ64EDS;
				INFOPLIST_FILE = WheelUITests/Info.plist;
				LD_RUNPATH_SEARCH_PATHS = "$(inherited) @executable_path/Frameworks @loader_path/Frameworks";
				PRODUCT_BUNDLE_IDENTIFIER = olegtests.WheelUITests;
				PRODUCT_NAME = "$(TARGET_NAME)";
				SWIFT_SWIFT3_OBJC_INFERENCE = On;
				SWIFT_VERSION = 4.0;
				TEST_TARGET_NAME = Wheel;
			};
			name = Release;
		};
/* End XCBuildConfiguration section */

/* Begin XCConfigurationList section */
		15F0BB2B1F404FCC006F646E /* Build configuration list for PBXProject "Wheel" */ = {
			isa = XCConfigurationList;
			buildConfigurations = (
				15F0BB561F404FCC006F646E /* Debug */,
				15F0BB571F404FCC006F646E /* Release */,
			);
			defaultConfigurationIsVisible = 0;
			defaultConfigurationName = Release;
		};
		15F0BB581F404FCC006F646E /* Build configuration list for PBXNativeTarget "Wheel" */ = {
			isa = XCConfigurationList;
			buildConfigurations = (
				15F0BB591F404FCC006F646E /* Debug */,
				15F0BB5A1F404FCC006F646E /* Release */,
			);
			defaultConfigurationIsVisible = 0;
			defaultConfigurationName = Release;
		};
		15F0BB5B1F404FCC006F646E /* Build configuration list for PBXNativeTarget "WheelTests" */ = {
			isa = XCConfigurationList;
			buildConfigurations = (
				15F0BB5C1F404FCC006F646E /* Debug */,
				15F0BB5D1F404FCC006F646E /* Release */,
			);
			defaultConfigurationIsVisible = 0;
			defaultConfigurationName = Release;
		};
		15F0BB5E1F404FCC006F646E /* Build configuration list for PBXNativeTarget "WheelUITests" */ = {
			isa = XCConfigurationList;
			buildConfigurations = (
				15F0BB5F1F404FCC006F646E /* Debug */,
				15F0BB601F404FCC006F646E /* Release */,
			);
			defaultConfigurationIsVisible = 0;
			defaultConfigurationName = Release;
		};
/* End XCConfigurationList section */
	};
	rootObject = 15F0BB281F404FCC006F646E /* Project object */;
}
