// !$*UTF8*$!
{
	archiveVersion = 1;
	classes = {
	};
	objectVersion = 46;
	objects = {

/* Begin PBXBuildFile section */
		151AFE3F1F77B92E00CC5357 /* SVState.swift in Sources */ = {isa = PBXBuildFile; fileRef = 151AFE3E1F77B92E00CC5357 /* SVState.swift */; };
		151AFE411F88C7AE00CC5357 /* RVOrientation.swift in Sources */ = {isa = PBXBuildFile; fileRef = 151AFE401F88C7AE00CC5357 /* RVOrientation.swift */; };
		151AFE431F8A031C00CC5357 /* RVSettings.swift in Sources */ = {isa = PBXBuildFile; fileRef = 151AFE421F8A031C00CC5357 /* RVSettings.swift */; };
		151AFE451F8A858200CC5357 /* WSettings.swift in Sources */ = {isa = PBXBuildFile; fileRef = 151AFE441F8A858200CC5357 /* WSettings.swift */; };
		151AFE471FA114AA00CC5357 /* SVDelegate.swift in Sources */ = {isa = PBXBuildFile; fileRef = 151AFE461FA114AA00CC5357 /* SVDelegate.swift */; };
		151AFE491FA119FD00CC5357 /* UIImage.swift in Sources */ = {isa = PBXBuildFile; fileRef = 151AFE481FA119FD00CC5357 /* UIImage.swift */; };
		151AFE4B1FA5015500CC5357 /* SVSettings.swift in Sources */ = {isa = PBXBuildFile; fileRef = 151AFE4A1FA5015500CC5357 /* SVSettings.swift */; };
		1525FE621FDA6BA0001CABF6 /* FloatingSelectedView.swift in Sources */ = {isa = PBXBuildFile; fileRef = 1525FE611FDA6BA0001CABF6 /* FloatingSelectedView.swift */; };
		15456D581FC0116C0018A1CD /* UIView.swift in Sources */ = {isa = PBXBuildFile; fileRef = 15456D571FC0116C0018A1CD /* UIView.swift */; };
		15456D5A1FC0263A0018A1CD /* CGRect.swift in Sources */ = {isa = PBXBuildFile; fileRef = 15456D591FC0263A0018A1CD /* CGRect.swift */; };
		15456D5E1FC0292F0018A1CD /* UIButton.swift in Sources */ = {isa = PBXBuildFile; fileRef = 15456D5D1FC0292F0018A1CD /* UIButton.swift */; };
		15456D601FC15AA60018A1CD /* ScreenView.swift in Sources */ = {isa = PBXBuildFile; fileRef = 15456D5F1FC15AA60018A1CD /* ScreenView.swift */; };
		15456D621FC16DF50018A1CD /* HitDelegate.swift in Sources */ = {isa = PBXBuildFile; fileRef = 15456D611FC16DF50018A1CD /* HitDelegate.swift */; };
		15456D641FC94B320018A1CD /* PointerController.swift in Sources */ = {isa = PBXBuildFile; fileRef = 15456D631FC94B320018A1CD /* PointerController.swift */; };
		15456D661FC978C60018A1CD /* UIFont.swift in Sources */ = {isa = PBXBuildFile; fileRef = 15456D651FC978C60018A1CD /* UIFont.swift */; };
		15456D681FCAB68E0018A1CD /* SelectedController0.swift in Sources */ = {isa = PBXBuildFile; fileRef = 15456D671FCAB68E0018A1CD /* SelectedController0.swift */; };
		15456D6A1FCAB8670018A1CD /* IngridientKinds.swift in Sources */ = {isa = PBXBuildFile; fileRef = 15456D691FCAB8670018A1CD /* IngridientKinds.swift */; };
		15456D6C1FCB0DA10018A1CD /* Ingridient.swift in Sources */ = {isa = PBXBuildFile; fileRef = 15456D6B1FCB0DA10018A1CD /* Ingridient.swift */; };
		15456D6E1FCBD9910018A1CD /* SelectionController.swift in Sources */ = {isa = PBXBuildFile; fileRef = 15456D6D1FCBD9910018A1CD /* SelectionController.swift */; };
		15456D711FD27AB70018A1CD /* SelectedView.swift in Sources */ = {isa = PBXBuildFile; fileRef = 15456D701FD27AB70018A1CD /* SelectedView.swift */; };
		15456D731FD2862B0018A1CD /* TransparentView.swift in Sources */ = {isa = PBXBuildFile; fileRef = 15456D721FD2862B0018A1CD /* TransparentView.swift */; };
		15456D751FD692C10018A1CD /* UIScrollView.swift in Sources */ = {isa = PBXBuildFile; fileRef = 15456D741FD692C10018A1CD /* UIScrollView.swift */; };
		15456D771FD6D82E0018A1CD /* SelectedHolderView.swift in Sources */ = {isa = PBXBuildFile; fileRef = 15456D761FD6D82E0018A1CD /* SelectedHolderView.swift */; };
		15456D791FD7E0880018A1CD /* CGPoint.swift in Sources */ = {isa = PBXBuildFile; fileRef = 15456D781FD7E0880018A1CD /* CGPoint.swift */; };
		15456D7B1FD98E2B0018A1CD /* StaticSeletedViewStates.swift in Sources */ = {isa = PBXBuildFile; fileRef = 15456D7A1FD98E2B0018A1CD /* StaticSeletedViewStates.swift */; };
		15456D7D1FD9E0130018A1CD /* FloatingSelectedViewStates.swift in Sources */ = {isa = PBXBuildFile; fileRef = 15456D7C1FD9E0130018A1CD /* FloatingSelectedViewStates.swift */; };
		15456D7F1FD9E0BA0018A1CD /* StaticSelectedView.swift in Sources */ = {isa = PBXBuildFile; fileRef = 15456D7E1FD9E0BA0018A1CD /* StaticSelectedView.swift */; };
		1547C2A91FB968CD009C8320 /* UIColor.swift in Sources */ = {isa = PBXBuildFile; fileRef = 1547C2A81FB968CD009C8320 /* UIColor.swift */; };
		159F18831F63D4920079C545 /* SpokeView.swift in Sources */ = {isa = PBXBuildFile; fileRef = 159F18821F63D4920079C545 /* SpokeView.swift */; };
		15A73C9F1FB5BEED00E3BB01 /* RadialController.swift in Sources */ = {isa = PBXBuildFile; fileRef = 15A73C9E1FB5BEED00E3BB01 /* RadialController.swift */; };
		15A73CA11FB62B0800E3BB01 /* WState.swift in Sources */ = {isa = PBXBuildFile; fileRef = 15A73CA01FB62B0800E3BB01 /* WState.swift */; };
		15A73CA31FB657D700E3BB01 /* BasesController.swift in Sources */ = {isa = PBXBuildFile; fileRef = 15A73CA21FB657D700E3BB01 /* BasesController.swift */; };
		15A73CA51FB6DE7500E3BB01 /* RadialControllerDelegate.swift in Sources */ = {isa = PBXBuildFile; fileRef = 15A73CA41FB6DE7500E3BB01 /* RadialControllerDelegate.swift */; };
		15F010A21FB830C40002A917 /* ProteinsController.swift in Sources */ = {isa = PBXBuildFile; fileRef = 15F010A11FB830C40002A917 /* ProteinsController.swift */; };
		15F0BB341F404FCC006F646E /* AppDelegate.swift in Sources */ = {isa = PBXBuildFile; fileRef = 15F0BB331F404FCC006F646E /* AppDelegate.swift */; };
		15F0BB361F404FCC006F646E /* ViewController.swift in Sources */ = {isa = PBXBuildFile; fileRef = 15F0BB351F404FCC006F646E /* ViewController.swift */; };
		15F0BB391F404FCC006F646E /* Main.storyboard in Resources */ = {isa = PBXBuildFile; fileRef = 15F0BB371F404FCC006F646E /* Main.storyboard */; };
		15F0BB3B1F404FCC006F646E /* Assets.xcassets in Resources */ = {isa = PBXBuildFile; fileRef = 15F0BB3A1F404FCC006F646E /* Assets.xcassets */; };
		15F0BB3E1F404FCC006F646E /* LaunchScreen.storyboard in Resources */ = {isa = PBXBuildFile; fileRef = 15F0BB3C1F404FCC006F646E /* LaunchScreen.storyboard */; };
		15F0BB491F404FCC006F646E /* WheelTests.swift in Sources */ = {isa = PBXBuildFile; fileRef = 15F0BB481F404FCC006F646E /* WheelTests.swift */; };
		15F0BB541F404FCC006F646E /* WheelUITests.swift in Sources */ = {isa = PBXBuildFile; fileRef = 15F0BB531F404FCC006F646E /* WheelUITests.swift */; };
		15F0BB621F404FE3006F646E /* RadialView.swift in Sources */ = {isa = PBXBuildFile; fileRef = 15F0BB611F404FE3006F646E /* RadialView.swift */; };
		15F0BB641F40522C006F646E /* RVDelegate.swift in Sources */ = {isa = PBXBuildFile; fileRef = 15F0BB631F40522C006F646E /* RVDelegate.swift */; };
		15F43C411FA99CA700732CED /* PinView.swift in Sources */ = {isa = PBXBuildFile; fileRef = 15F43C401FA99CA700732CED /* PinView.swift */; };
		15F43C431FA99D4E00732CED /* PVDelegate.swift in Sources */ = {isa = PBXBuildFile; fileRef = 15F43C421FA99D4E00732CED /* PVDelegate.swift */; };
		15F43C451FAF655100732CED /* CGSize.swift in Sources */ = {isa = PBXBuildFile; fileRef = 15F43C441FAF655100732CED /* CGSize.swift */; };
		15F43C471FAF6DA600732CED /* SocketView.swift in Sources */ = {isa = PBXBuildFile; fileRef = 15F43C461FAF6DA600732CED /* SocketView.swift */; };
		15F788001FB827B4001C32B1 /* FatsController.swift in Sources */ = {isa = PBXBuildFile; fileRef = 15F787FF1FB827B4001C32B1 /* FatsController.swift */; };
		15F788021FB82A1A001C32B1 /* VeggiesController.swift in Sources */ = {isa = PBXBuildFile; fileRef = 15F788011FB82A1A001C32B1 /* VeggiesController.swift */; };
/* End PBXBuildFile section */

/* Begin PBXContainerItemProxy section */
		15F0BB451F404FCC006F646E /* PBXContainerItemProxy */ = {
			isa = PBXContainerItemProxy;
			containerPortal = 15F0BB281F404FCC006F646E /* Project object */;
			proxyType = 1;
			remoteGlobalIDString = 15F0BB2F1F404FCC006F646E;
			remoteInfo = Wheel;
		};
		15F0BB501F404FCC006F646E /* PBXContainerItemProxy */ = {
			isa = PBXContainerItemProxy;
			containerPortal = 15F0BB281F404FCC006F646E /* Project object */;
			proxyType = 1;
			remoteGlobalIDString = 15F0BB2F1F404FCC006F646E;
			remoteInfo = Wheel;
		};
/* End PBXContainerItemProxy section */

/* Begin PBXFileReference section */
		151AFE3E1F77B92E00CC5357 /* SVState.swift */ = {isa = PBXFileReference; fileEncoding = 4; lastKnownFileType = sourcecode.swift; path = SVState.swift; sourceTree = "<group>"; };
		151AFE401F88C7AE00CC5357 /* RVOrientation.swift */ = {isa = PBXFileReference; fileEncoding = 4; lastKnownFileType = sourcecode.swift; path = RVOrientation.swift; sourceTree = "<group>"; };
		151AFE421F8A031C00CC5357 /* RVSettings.swift */ = {isa = PBXFileReference; fileEncoding = 4; lastKnownFileType = sourcecode.swift; path = RVSettings.swift; sourceTree = "<group>"; };
		151AFE441F8A858200CC5357 /* WSettings.swift */ = {isa = PBXFileReference; fileEncoding = 4; lastKnownFileType = sourcecode.swift; path = WSettings.swift; sourceTree = "<group>"; };
		151AFE461FA114AA00CC5357 /* SVDelegate.swift */ = {isa = PBXFileReference; fileEncoding = 4; lastKnownFileType = sourcecode.swift; path = SVDelegate.swift; sourceTree = "<group>"; };
		151AFE481FA119FD00CC5357 /* UIImage.swift */ = {isa = PBXFileReference; fileEncoding = 4; lastKnownFileType = sourcecode.swift; path = UIImage.swift; sourceTree = "<group>"; };
		151AFE4A1FA5015500CC5357 /* SVSettings.swift */ = {isa = PBXFileReference; fileEncoding = 4; lastKnownFileType = sourcecode.swift; path = SVSettings.swift; sourceTree = "<group>"; };
		1525FE611FDA6BA0001CABF6 /* FloatingSelectedView.swift */ = {isa = PBXFileReference; lastKnownFileType = sourcecode.swift; path = FloatingSelectedView.swift; sourceTree = "<group>"; };
		15456D571FC0116C0018A1CD /* UIView.swift */ = {isa = PBXFileReference; lastKnownFileType = sourcecode.swift; path = UIView.swift; sourceTree = "<group>"; };
		15456D591FC0263A0018A1CD /* CGRect.swift */ = {isa = PBXFileReference; lastKnownFileType = sourcecode.swift; path = CGRect.swift; sourceTree = "<group>"; };
		15456D5D1FC0292F0018A1CD /* UIButton.swift */ = {isa = PBXFileReference; lastKnownFileType = sourcecode.swift; path = UIButton.swift; sourceTree = "<group>"; };
		15456D5F1FC15AA60018A1CD /* ScreenView.swift */ = {isa = PBXFileReference; lastKnownFileType = sourcecode.swift; path = ScreenView.swift; sourceTree = "<group>"; };
		15456D611FC16DF50018A1CD /* HitDelegate.swift */ = {isa = PBXFileReference; lastKnownFileType = sourcecode.swift; path = HitDelegate.swift; sourceTree = "<group>"; };
		15456D631FC94B320018A1CD /* PointerController.swift */ = {isa = PBXFileReference; lastKnownFileType = sourcecode.swift; path = PointerController.swift; sourceTree = "<group>"; };
		15456D651FC978C60018A1CD /* UIFont.swift */ = {isa = PBXFileReference; lastKnownFileType = sourcecode.swift; path = UIFont.swift; sourceTree = "<group>"; };
		15456D671FCAB68E0018A1CD /* SelectedController0.swift */ = {isa = PBXFileReference; lastKnownFileType = sourcecode.swift; path = SelectedController0.swift; sourceTree = "<group>"; };
		15456D691FCAB8670018A1CD /* IngridientKinds.swift */ = {isa = PBXFileReference; lastKnownFileType = sourcecode.swift; path = IngridientKinds.swift; sourceTree = "<group>"; };
		15456D6B1FCB0DA10018A1CD /* Ingridient.swift */ = {isa = PBXFileReference; lastKnownFileType = sourcecode.swift; path = Ingridient.swift; sourceTree = "<group>"; };
		15456D6D1FCBD9910018A1CD /* SelectionController.swift */ = {isa = PBXFileReference; lastKnownFileType = sourcecode.swift; path = SelectionController.swift; sourceTree = "<group>"; };
		15456D701FD27AB70018A1CD /* SelectedView.swift */ = {isa = PBXFileReference; lastKnownFileType = sourcecode.swift; path = SelectedView.swift; sourceTree = "<group>"; };
		15456D721FD2862B0018A1CD /* TransparentView.swift */ = {isa = PBXFileReference; lastKnownFileType = sourcecode.swift; path = TransparentView.swift; sourceTree = "<group>"; };
		15456D741FD692C10018A1CD /* UIScrollView.swift */ = {isa = PBXFileReference; lastKnownFileType = sourcecode.swift; path = UIScrollView.swift; sourceTree = "<group>"; };
		15456D761FD6D82E0018A1CD /* SelectedHolderView.swift */ = {isa = PBXFileReference; lastKnownFileType = sourcecode.swift; path = SelectedHolderView.swift; sourceTree = "<group>"; };
		15456D781FD7E0880018A1CD /* CGPoint.swift */ = {isa = PBXFileReference; lastKnownFileType = sourcecode.swift; path = CGPoint.swift; sourceTree = "<group>"; };
		15456D7A1FD98E2B0018A1CD /* StaticSeletedViewStates.swift */ = {isa = PBXFileReference; lastKnownFileType = sourcecode.swift; path = StaticSeletedViewStates.swift; sourceTree = "<group>"; };
		15456D7C1FD9E0130018A1CD /* FloatingSelectedViewStates.swift */ = {isa = PBXFileReference; lastKnownFileType = sourcecode.swift; path = FloatingSelectedViewStates.swift; sourceTree = "<group>"; };
		15456D7E1FD9E0BA0018A1CD /* StaticSelectedView.swift */ = {isa = PBXFileReference; lastKnownFileType = sourcecode.swift; path = StaticSelectedView.swift; sourceTree = "<group>"; };
		1547C2A81FB968CD009C8320 /* UIColor.swift */ = {isa = PBXFileReference; lastKnownFileType = sourcecode.swift; path = UIColor.swift; sourceTree = "<group>"; };
		159F18821F63D4920079C545 /* SpokeView.swift */ = {isa = PBXFileReference; fileEncoding = 4; lastKnownFileType = sourcecode.swift; path = SpokeView.swift; sourceTree = "<group>"; };
		15A73C9E1FB5BEED00E3BB01 /* RadialController.swift */ = {isa = PBXFileReference; lastKnownFileType = sourcecode.swift; path = RadialController.swift; sourceTree = "<group>"; };
		15A73CA01FB62B0800E3BB01 /* WState.swift */ = {isa = PBXFileReference; lastKnownFileType = sourcecode.swift; path = WState.swift; sourceTree = "<group>"; };
		15A73CA21FB657D700E3BB01 /* BasesController.swift */ = {isa = PBXFileReference; lastKnownFileType = sourcecode.swift; path = BasesController.swift; sourceTree = "<group>"; };
		15A73CA41FB6DE7500E3BB01 /* RadialControllerDelegate.swift */ = {isa = PBXFileReference; lastKnownFileType = sourcecode.swift; path = RadialControllerDelegate.swift; sourceTree = "<group>"; };
		15F010A11FB830C40002A917 /* ProteinsController.swift */ = {isa = PBXFileReference; lastKnownFileType = sourcecode.swift; path = ProteinsController.swift; sourceTree = "<group>"; };
		15F0BB301F404FCC006F646E /* Wheel.app */ = {isa = PBXFileReference; explicitFileType = wrapper.application; includeInIndex = 0; path = Wheel.app; sourceTree = BUILT_PRODUCTS_DIR; };
		15F0BB331F404FCC006F646E /* AppDelegate.swift */ = {isa = PBXFileReference; lastKnownFileType = sourcecode.swift; path = AppDelegate.swift; sourceTree = "<group>"; };
		15F0BB351F404FCC006F646E /* ViewController.swift */ = {isa = PBXFileReference; lastKnownFileType = sourcecode.swift; path = ViewController.swift; sourceTree = "<group>"; };
		15F0BB381F404FCC006F646E /* Base */ = {isa = PBXFileReference; lastKnownFileType = file.storyboard; name = Base; path = Base.lproj/Main.storyboard; sourceTree = "<group>"; };
		15F0BB3A1F404FCC006F646E /* Assets.xcassets */ = {isa = PBXFileReference; lastKnownFileType = folder.assetcatalog; path = Assets.xcassets; sourceTree = "<group>"; };
		15F0BB3D1F404FCC006F646E /* Base */ = {isa = PBXFileReference; lastKnownFileType = file.storyboard; name = Base; path = Base.lproj/LaunchScreen.storyboard; sourceTree = "<group>"; };
		15F0BB3F1F404FCC006F646E /* Info.plist */ = {isa = PBXFileReference; lastKnownFileType = text.plist.xml; path = Info.plist; sourceTree = "<group>"; };
		15F0BB441F404FCC006F646E /* WheelTests.xctest */ = {isa = PBXFileReference; explicitFileType = wrapper.cfbundle; includeInIndex = 0; path = WheelTests.xctest; sourceTree = BUILT_PRODUCTS_DIR; };
		15F0BB481F404FCC006F646E /* WheelTests.swift */ = {isa = PBXFileReference; lastKnownFileType = sourcecode.swift; path = WheelTests.swift; sourceTree = "<group>"; };
		15F0BB4A1F404FCC006F646E /* Info.plist */ = {isa = PBXFileReference; lastKnownFileType = text.plist.xml; path = Info.plist; sourceTree = "<group>"; };
		15F0BB4F1F404FCC006F646E /* WheelUITests.xctest */ = {isa = PBXFileReference; explicitFileType = wrapper.cfbundle; includeInIndex = 0; path = WheelUITests.xctest; sourceTree = BUILT_PRODUCTS_DIR; };
		15F0BB531F404FCC006F646E /* WheelUITests.swift */ = {isa = PBXFileReference; lastKnownFileType = sourcecode.swift; path = WheelUITests.swift; sourceTree = "<group>"; };
		15F0BB551F404FCC006F646E /* Info.plist */ = {isa = PBXFileReference; lastKnownFileType = text.plist.xml; path = Info.plist; sourceTree = "<group>"; };
		15F0BB611F404FE3006F646E /* RadialView.swift */ = {isa = PBXFileReference; fileEncoding = 4; lastKnownFileType = sourcecode.swift; path = RadialView.swift; sourceTree = "<group>"; };
		15F0BB631F40522C006F646E /* RVDelegate.swift */ = {isa = PBXFileReference; fileEncoding = 4; lastKnownFileType = sourcecode.swift; path = RVDelegate.swift; sourceTree = "<group>"; };
		15F43C401FA99CA700732CED /* PinView.swift */ = {isa = PBXFileReference; lastKnownFileType = sourcecode.swift; path = PinView.swift; sourceTree = "<group>"; };
		15F43C421FA99D4E00732CED /* PVDelegate.swift */ = {isa = PBXFileReference; lastKnownFileType = sourcecode.swift; path = PVDelegate.swift; sourceTree = "<group>"; };
		15F43C441FAF655100732CED /* CGSize.swift */ = {isa = PBXFileReference; lastKnownFileType = sourcecode.swift; path = CGSize.swift; sourceTree = "<group>"; };
		15F43C461FAF6DA600732CED /* SocketView.swift */ = {isa = PBXFileReference; lastKnownFileType = sourcecode.swift; path = SocketView.swift; sourceTree = "<group>"; };
		15F787FF1FB827B4001C32B1 /* FatsController.swift */ = {isa = PBXFileReference; lastKnownFileType = sourcecode.swift; path = FatsController.swift; sourceTree = "<group>"; };
		15F788011FB82A1A001C32B1 /* VeggiesController.swift */ = {isa = PBXFileReference; lastKnownFileType = sourcecode.swift; path = VeggiesController.swift; sourceTree = "<group>"; };
/* End PBXFileReference section */

/* Begin PBXFrameworksBuildPhase section */
		15F0BB2D1F404FCC006F646E /* Frameworks */ = {
			isa = PBXFrameworksBuildPhase;
			buildActionMask = 2147483647;
			files = (
			);
			runOnlyForDeploymentPostprocessing = 0;
		};
		15F0BB411F404FCC006F646E /* Frameworks */ = {
			isa = PBXFrameworksBuildPhase;
			buildActionMask = 2147483647;
			files = (
			);
			runOnlyForDeploymentPostprocessing = 0;
		};
		15F0BB4C1F404FCC006F646E /* Frameworks */ = {
			isa = PBXFrameworksBuildPhase;
			buildActionMask = 2147483647;
			files = (
			);
			runOnlyForDeploymentPostprocessing = 0;
		};
/* End PBXFrameworksBuildPhase section */

/* Begin PBXGroup section */
		15456D5C1FC028AD0018A1CD /* Extensions */ = {
			isa = PBXGroup;
			children = (
				151AFE481FA119FD00CC5357 /* UIImage.swift */,
				1547C2A81FB968CD009C8320 /* UIColor.swift */,
				15456D571FC0116C0018A1CD /* UIView.swift */,
				15F43C441FAF655100732CED /* CGSize.swift */,
				15456D591FC0263A0018A1CD /* CGRect.swift */,
				15456D5D1FC0292F0018A1CD /* UIButton.swift */,
				15456D651FC978C60018A1CD /* UIFont.swift */,
				15456D741FD692C10018A1CD /* UIScrollView.swift */,
				15456D781FD7E0880018A1CD /* CGPoint.swift */,
			);
			path = Extensions;
			sourceTree = "<group>";
		};
		15456D6F1FD27A5B0018A1CD /* Selection */ = {
			isa = PBXGroup;
			children = (
				15456D6D1FCBD9910018A1CD /* SelectionController.swift */,
				15456D701FD27AB70018A1CD /* SelectedView.swift */,
				15456D721FD2862B0018A1CD /* TransparentView.swift */,
				15456D761FD6D82E0018A1CD /* SelectedHolderView.swift */,
				15456D7A1FD98E2B0018A1CD /* StaticSeletedViewStates.swift */,
				15456D7E1FD9E0BA0018A1CD /* StaticSelectedView.swift */,
				15456D7C1FD9E0130018A1CD /* FloatingSelectedViewStates.swift */,
				1525FE611FDA6BA0001CABF6 /* FloatingSelectedView.swift */,
			);
			path = Selection;
			sourceTree = "<group>";
		};
		15F0BB271F404FCC006F646E = {
			isa = PBXGroup;
			children = (
				15F0BB321F404FCC006F646E /* Wheel */,
				15F0BB471F404FCC006F646E /* WheelTests */,
				15F0BB521F404FCC006F646E /* WheelUITests */,
				15F0BB311F404FCC006F646E /* Products */,
			);
			sourceTree = "<group>";
		};
		15F0BB311F404FCC006F646E /* Products */ = {
			isa = PBXGroup;
			children = (
				15F0BB301F404FCC006F646E /* Wheel.app */,
				15F0BB441F404FCC006F646E /* WheelTests.xctest */,
				15F0BB4F1F404FCC006F646E /* WheelUITests.xctest */,
			);
			name = Products;
			sourceTree = "<group>";
		};
		15F0BB321F404FCC006F646E /* Wheel */ = {
			isa = PBXGroup;
			children = (
				15456D6F1FD27A5B0018A1CD /* Selection */,
				15456D5C1FC028AD0018A1CD /* Extensions */,
				15F0BB331F404FCC006F646E /* AppDelegate.swift */,
				15F0BB351F404FCC006F646E /* ViewController.swift */,
				15A73C9E1FB5BEED00E3BB01 /* RadialController.swift */,
				15A73CA41FB6DE7500E3BB01 /* RadialControllerDelegate.swift */,
				15A73CA21FB657D700E3BB01 /* BasesController.swift */,
				15F787FF1FB827B4001C32B1 /* FatsController.swift */,
				15F788011FB82A1A001C32B1 /* VeggiesController.swift */,
				15F010A11FB830C40002A917 /* ProteinsController.swift */,
				15456D631FC94B320018A1CD /* PointerController.swift */,
				15456D671FCAB68E0018A1CD /* SelectedController0.swift */,
				15F0BB371F404FCC006F646E /* Main.storyboard */,
				15F0BB3A1F404FCC006F646E /* Assets.xcassets */,
				15F0BB3C1F404FCC006F646E /* LaunchScreen.storyboard */,
				15F0BB3F1F404FCC006F646E /* Info.plist */,
				15F0BB611F404FE3006F646E /* RadialView.swift */,
				15F0BB631F40522C006F646E /* RVDelegate.swift */,
				159F18821F63D4920079C545 /* SpokeView.swift */,
				151AFE461FA114AA00CC5357 /* SVDelegate.swift */,
				151AFE3E1F77B92E00CC5357 /* SVState.swift */,
				151AFE401F88C7AE00CC5357 /* RVOrientation.swift */,
				151AFE421F8A031C00CC5357 /* RVSettings.swift */,
				151AFE4A1FA5015500CC5357 /* SVSettings.swift */,
				15F43C401FA99CA700732CED /* PinView.swift */,
				15F43C421FA99D4E00732CED /* PVDelegate.swift */,
				15F43C461FAF6DA600732CED /* SocketView.swift */,
				15A73CA01FB62B0800E3BB01 /* WState.swift */,
				151AFE441F8A858200CC5357 /* WSettings.swift */,
				15456D5F1FC15AA60018A1CD /* ScreenView.swift */,
				15456D611FC16DF50018A1CD /* HitDelegate.swift */,
				15456D691FCAB8670018A1CD /* IngridientKinds.swift */,
				15456D6B1FCB0DA10018A1CD /* Ingridient.swift */,
			);
			path = Wheel;
			sourceTree = "<group>";
		};
		15F0BB471F404FCC006F646E /* WheelTests */ = {
			isa = PBXGroup;
			children = (
				15F0BB481F404FCC006F646E /* WheelTests.swift */,
				15F0BB4A1F404FCC006F646E /* Info.plist */,
			);
			path = WheelTests;
			sourceTree = "<group>";
		};
		15F0BB521F404FCC006F646E /* WheelUITests */ = {
			isa = PBXGroup;
			children = (
				15F0BB531F404FCC006F646E /* WheelUITests.swift */,
				15F0BB551F404FCC006F646E /* Info.plist */,
			);
			path = WheelUITests;
			sourceTree = "<group>";
		};
/* End PBXGroup section */

/* Begin PBXNativeTarget section */
		15F0BB2F1F404FCC006F646E /* Wheel */ = {
			isa = PBXNativeTarget;
			buildConfigurationList = 15F0BB581F404FCC006F646E /* Build configuration list for PBXNativeTarget "Wheel" */;
			buildPhases = (
				15F0BB2C1F404FCC006F646E /* Sources */,
				15F0BB2D1F404FCC006F646E /* Frameworks */,
				15F0BB2E1F404FCC006F646E /* Resources */,
			);
			buildRules = (
			);
			dependencies = (
			);
			name = Wheel;
			productName = Wheel;
			productReference = 15F0BB301F404FCC006F646E /* Wheel.app */;
			productType = "com.apple.product-type.application";
		};
		15F0BB431F404FCC006F646E /* WheelTests */ = {
			isa = PBXNativeTarget;
			buildConfigurationList = 15F0BB5B1F404FCC006F646E /* Build configuration list for PBXNativeTarget "WheelTests" */;
			buildPhases = (
				15F0BB401F404FCC006F646E /* Sources */,
				15F0BB411F404FCC006F646E /* Frameworks */,
				15F0BB421F404FCC006F646E /* Resources */,
			);
			buildRules = (
			);
			dependencies = (
				15F0BB461F404FCC006F646E /* PBXTargetDependency */,
			);
			name = WheelTests;
			productName = WheelTests;
			productReference = 15F0BB441F404FCC006F646E /* WheelTests.xctest */;
			productType = "com.apple.product-type.bundle.unit-test";
		};
		15F0BB4E1F404FCC006F646E /* WheelUITests */ = {
			isa = PBXNativeTarget;
			buildConfigurationList = 15F0BB5E1F404FCC006F646E /* Build configuration list for PBXNativeTarget "WheelUITests" */;
			buildPhases = (
				15F0BB4B1F404FCC006F646E /* Sources */,
				15F0BB4C1F404FCC006F646E /* Frameworks */,
				15F0BB4D1F404FCC006F646E /* Resources */,
			);
			buildRules = (
			);
			dependencies = (
				15F0BB511F404FCC006F646E /* PBXTargetDependency */,
			);
			name = WheelUITests;
			productName = WheelUITests;
			productReference = 15F0BB4F1F404FCC006F646E /* WheelUITests.xctest */;
			productType = "com.apple.product-type.bundle.ui-testing";
		};
/* End PBXNativeTarget section */

/* Begin PBXProject section */
		15F0BB281F404FCC006F646E /* Project object */ = {
			isa = PBXProject;
			attributes = {
				LastSwiftUpdateCheck = 0830;
				LastUpgradeCheck = 0830;
				ORGANIZATIONNAME = "Oleg Sokolansky";
				TargetAttributes = {
					15F0BB2F1F404FCC006F646E = {
						CreatedOnToolsVersion = 8.3.3;
						DevelopmentTeam = C6HVJ64EDS;
						ProvisioningStyle = Automatic;
					};
					15F0BB431F404FCC006F646E = {
						CreatedOnToolsVersion = 8.3.3;
						DevelopmentTeam = C6HVJ64EDS;
						ProvisioningStyle = Automatic;
						TestTargetID = 15F0BB2F1F404FCC006F646E;
					};
					15F0BB4E1F404FCC006F646E = {
						CreatedOnToolsVersion = 8.3.3;
						DevelopmentTeam = C6HVJ64EDS;
						ProvisioningStyle = Automatic;
						TestTargetID = 15F0BB2F1F404FCC006F646E;
					};
				};
			};
			buildConfigurationList = 15F0BB2B1F404FCC006F646E /* Build configuration list for PBXProject "Wheel" */;
			compatibilityVersion = "Xcode 3.2";
			developmentRegion = English;
			hasScannedForEncodings = 0;
			knownRegions = (
				en,
				Base,
			);
			mainGroup = 15F0BB271F404FCC006F646E;
			productRefGroup = 15F0BB311F404FCC006F646E /* Products */;
			projectDirPath = "";
			projectRoot = "";
			targets = (
				15F0BB2F1F404FCC006F646E /* Wheel */,
				15F0BB431F404FCC006F646E /* WheelTests */,
				15F0BB4E1F404FCC006F646E /* WheelUITests */,
			);
		};
/* End PBXProject section */

/* Begin PBXResourcesBuildPhase section */
		15F0BB2E1F404FCC006F646E /* Resources */ = {
			isa = PBXResourcesBuildPhase;
			buildActionMask = 2147483647;
			files = (
				15F0BB3E1F404FCC006F646E /* LaunchScreen.storyboard in Resources */,
				15F0BB3B1F404FCC006F646E /* Assets.xcassets in Resources */,
				15F0BB391F404FCC006F646E /* Main.storyboard in Resources */,
			);
			runOnlyForDeploymentPostprocessing = 0;
		};
		15F0BB421F404FCC006F646E /* Resources */ = {
			isa = PBXResourcesBuildPhase;
			buildActionMask = 2147483647;
			files = (
			);
			runOnlyForDeploymentPostprocessing = 0;
		};
		15F0BB4D1F404FCC006F646E /* Resources */ = {
			isa = PBXResourcesBuildPhase;
			buildActionMask = 2147483647;
			files = (
			);
			runOnlyForDeploymentPostprocessing = 0;
		};
/* End PBXResourcesBuildPhase section */

/* Begin PBXSourcesBuildPhase section */
		15F0BB2C1F404FCC006F646E /* Sources */ = {
			isa = PBXSourcesBuildPhase;
			buildActionMask = 2147483647;
			files = (
				15456D6C1FCB0DA10018A1CD /* Ingridient.swift in Sources */,
				15456D681FCAB68E0018A1CD /* SelectedController0.swift in Sources */,
				15456D7D1FD9E0130018A1CD /* FloatingSelectedViewStates.swift in Sources */,
				151AFE431F8A031C00CC5357 /* RVSettings.swift in Sources */,
				151AFE4B1FA5015500CC5357 /* SVSettings.swift in Sources */,
				15F010A21FB830C40002A917 /* ProteinsController.swift in Sources */,
				15456D7F1FD9E0BA0018A1CD /* StaticSelectedView.swift in Sources */,
				15F43C411FA99CA700732CED /* PinView.swift in Sources */,
				151AFE3F1F77B92E00CC5357 /* SVState.swift in Sources */,
				1525FE621FDA6BA0001CABF6 /* FloatingSelectedView.swift in Sources */,
				151AFE471FA114AA00CC5357 /* SVDelegate.swift in Sources */,
				15456D601FC15AA60018A1CD /* ScreenView.swift in Sources */,
				15A73CA11FB62B0800E3BB01 /* WState.swift in Sources */,
				15F0BB361F404FCC006F646E /* ViewController.swift in Sources */,
				15F0BB641F40522C006F646E /* RVDelegate.swift in Sources */,
				151AFE411F88C7AE00CC5357 /* RVOrientation.swift in Sources */,
				15F43C431FA99D4E00732CED /* PVDelegate.swift in Sources */,
				15F0BB341F404FCC006F646E /* AppDelegate.swift in Sources */,
				15456D731FD2862B0018A1CD /* TransparentView.swift in Sources */,
				151AFE451F8A858200CC5357 /* WSettings.swift in Sources */,
				15456D5A1FC0263A0018A1CD /* CGRect.swift in Sources */,
				15456D771FD6D82E0018A1CD /* SelectedHolderView.swift in Sources */,
				15456D711FD27AB70018A1CD /* SelectedView.swift in Sources */,
				15456D661FC978C60018A1CD /* UIFont.swift in Sources */,
				1547C2A91FB968CD009C8320 /* UIColor.swift in Sources */,
				15F43C451FAF655100732CED /* CGSize.swift in Sources */,
				151AFE491FA119FD00CC5357 /* UIImage.swift in Sources */,
				159F18831F63D4920079C545 /* SpokeView.swift in Sources */,
				15456D6E1FCBD9910018A1CD /* SelectionController.swift in Sources */,
				15456D751FD692C10018A1CD /* UIScrollView.swift in Sources */,
				15A73CA31FB657D700E3BB01 /* BasesController.swift in Sources */,
				15456D791FD7E0880018A1CD /* CGPoint.swift in Sources */,
				15F788001FB827B4001C32B1 /* FatsController.swift in Sources */,
				15A73C9F1FB5BEED00E3BB01 /* RadialController.swift in Sources */,
				15456D581FC0116C0018A1CD /* UIView.swift in Sources */,
				15456D6A1FCAB8670018A1CD /* IngridientKinds.swift in Sources */,
				15456D641FC94B320018A1CD /* PointerController.swift in Sources */,
				15A73CA51FB6DE7500E3BB01 /* RadialControllerDelegate.swift in Sources */,
				15456D621FC16DF50018A1CD /* HitDelegate.swift in Sources */,
				15F0BB621F404FE3006F646E /* RadialView.swift in Sources */,
				15F788021FB82A1A001C32B1 /* VeggiesController.swift in Sources */,
				15456D7B1FD98E2B0018A1CD /* StaticSeletedViewStates.swift in Sources */,
				15F43C471FAF6DA600732CED /* SocketView.swift in Sources */,
				15456D5E1FC0292F0018A1CD /* UIButton.swift in Sources */,
			);
			runOnlyForDeploymentPostprocessing = 0;
		};
		15F0BB401F404FCC006F646E /* Sources */ = {
			isa = PBXSourcesBuildPhase;
			buildActionMask = 2147483647;
			files = (
				15F0BB491F404FCC006F646E /* WheelTests.swift in Sources */,
			);
			runOnlyForDeploymentPostprocessing = 0;
		};
		15F0BB4B1F404FCC006F646E /* Sources */ = {
			isa = PBXSourcesBuildPhase;
			buildActionMask = 2147483647;
			files = (
				15F0BB541F404FCC006F646E /* WheelUITests.swift in Sources */,
			);
			runOnlyForDeploymentPostprocessing = 0;
		};
/* End PBXSourcesBuildPhase section */

/* Begin PBXTargetDependency section */
		15F0BB461F404FCC006F646E /* PBXTargetDependency */ = {
			isa = PBXTargetDependency;
			target = 15F0BB2F1F404FCC006F646E /* Wheel */;
			targetProxy = 15F0BB451F404FCC006F646E /* PBXContainerItemProxy */;
		};
		15F0BB511F404FCC006F646E /* PBXTargetDependency */ = {
			isa = PBXTargetDependency;
			target = 15F0BB2F1F404FCC006F646E /* Wheel */;
			targetProxy = 15F0BB501F404FCC006F646E /* PBXContainerItemProxy */;
		};
/* End PBXTargetDependency section */

/* Begin PBXVariantGroup section */
		15F0BB371F404FCC006F646E /* Main.storyboard */ = {
			isa = PBXVariantGroup;
			children = (
				15F0BB381F404FCC006F646E /* Base */,
			);
			name = Main.storyboard;
			sourceTree = "<group>";
		};
		15F0BB3C1F404FCC006F646E /* LaunchScreen.storyboard */ = {
			isa = PBXVariantGroup;
			children = (
				15F0BB3D1F404FCC006F646E /* Base */,
			);
			name = LaunchScreen.storyboard;
			sourceTree = "<group>";
		};
/* End PBXVariantGroup section */

/* Begin XCBuildConfiguration section */
		15F0BB561F404FCC006F646E /* Debug */ = {
			isa = XCBuildConfiguration;
			buildSettings = {
				ALWAYS_SEARCH_USER_PATHS = NO;
				CLANG_ANALYZER_NONNULL = YES;
				CLANG_ANALYZER_NUMBER_OBJECT_CONVERSION = YES_AGGRESSIVE;
				CLANG_CXX_LANGUAGE_STANDARD = "gnu++0x";
				CLANG_CXX_LIBRARY = "libc++";
				CLANG_ENABLE_MODULES = YES;
				CLANG_ENABLE_OBJC_ARC = YES;
				CLANG_WARN_BOOL_CONVERSION = YES;
				CLANG_WARN_CONSTANT_CONVERSION = YES;
				CLANG_WARN_DIRECT_OBJC_ISA_USAGE = YES_ERROR;
				CLANG_WARN_DOCUMENTATION_COMMENTS = YES;
				CLANG_WARN_EMPTY_BODY = YES;
				CLANG_WARN_ENUM_CONVERSION = YES;
				CLANG_WARN_INFINITE_RECURSION = YES;
				CLANG_WARN_INT_CONVERSION = YES;
				CLANG_WARN_OBJC_ROOT_CLASS = YES_ERROR;
				CLANG_WARN_SUSPICIOUS_MOVE = YES;
				CLANG_WARN_UNREACHABLE_CODE = YES;
				CLANG_WARN__DUPLICATE_METHOD_MATCH = YES;
				"CODE_SIGN_IDENTITY[sdk=iphoneos*]" = "iPhone Developer";
				COPY_PHASE_STRIP = NO;
				DEBUG_INFORMATION_FORMAT = dwarf;
				ENABLE_STRICT_OBJC_MSGSEND = YES;
				ENABLE_TESTABILITY = YES;
				GCC_C_LANGUAGE_STANDARD = gnu99;
				GCC_DYNAMIC_NO_PIC = NO;
				GCC_NO_COMMON_BLOCKS = YES;
				GCC_OPTIMIZATION_LEVEL = 0;
				GCC_PREPROCESSOR_DEFINITIONS = (
					"DEBUG=1",
					"$(inherited)",
				);
				GCC_WARN_64_TO_32_BIT_CONVERSION = YES;
				GCC_WARN_ABOUT_RETURN_TYPE = YES_ERROR;
				GCC_WARN_UNDECLARED_SELECTOR = YES;
				GCC_WARN_UNINITIALIZED_AUTOS = YES_AGGRESSIVE;
				GCC_WARN_UNUSED_FUNCTION = YES;
				GCC_WARN_UNUSED_VARIABLE = YES;
				IPHONEOS_DEPLOYMENT_TARGET = 10.3;
				MTL_ENABLE_DEBUG_INFO = YES;
				ONLY_ACTIVE_ARCH = YES;
				SDKROOT = iphoneos;
				SWIFT_ACTIVE_COMPILATION_CONDITIONS = DEBUG;
				SWIFT_OPTIMIZATION_LEVEL = "-Onone";
			};
			name = Debug;
		};
		15F0BB571F404FCC006F646E /* Release */ = {
			isa = XCBuildConfiguration;
			buildSettings = {
				ALWAYS_SEARCH_USER_PATHS = NO;
				CLANG_ANALYZER_NONNULL = YES;
				CLANG_ANALYZER_NUMBER_OBJECT_CONVERSION = YES_AGGRESSIVE;
				CLANG_CXX_LANGUAGE_STANDARD = "gnu++0x";
				CLANG_CXX_LIBRARY = "libc++";
				CLANG_ENABLE_MODULES = YES;
				CLANG_ENABLE_OBJC_ARC = YES;
				CLANG_WARN_BOOL_CONVERSION = YES;
				CLANG_WARN_CONSTANT_CONVERSION = YES;
				CLANG_WARN_DIRECT_OBJC_ISA_USAGE = YES_ERROR;
				CLANG_WARN_DOCUMENTATION_COMMENTS = YES;
				CLANG_WARN_EMPTY_BODY = YES;
				CLANG_WARN_ENUM_CONVERSION = YES;
				CLANG_WARN_INFINITE_RECURSION = YES;
				CLANG_WARN_INT_CONVERSION = YES;
				CLANG_WARN_OBJC_ROOT_CLASS = YES_ERROR;
				CLANG_WARN_SUSPICIOUS_MOVE = YES;
				CLANG_WARN_UNREACHABLE_CODE = YES;
				CLANG_WARN__DUPLICATE_METHOD_MATCH = YES;
				"CODE_SIGN_IDENTITY[sdk=iphoneos*]" = "iPhone Developer";
				COPY_PHASE_STRIP = NO;
				DEBUG_INFORMATION_FORMAT = "dwarf-with-dsym";
				ENABLE_NS_ASSERTIONS = NO;
				ENABLE_STRICT_OBJC_MSGSEND = YES;
				GCC_C_LANGUAGE_STANDARD = gnu99;
				GCC_NO_COMMON_BLOCKS = YES;
				GCC_WARN_64_TO_32_BIT_CONVERSION = YES;
				GCC_WARN_ABOUT_RETURN_TYPE = YES_ERROR;
				GCC_WARN_UNDECLARED_SELECTOR = YES;
				GCC_WARN_UNINITIALIZED_AUTOS = YES_AGGRESSIVE;
				GCC_WARN_UNUSED_FUNCTION = YES;
				GCC_WARN_UNUSED_VARIABLE = YES;
				IPHONEOS_DEPLOYMENT_TARGET = 10.3;
				MTL_ENABLE_DEBUG_INFO = NO;
				SDKROOT = iphoneos;
				SWIFT_OPTIMIZATION_LEVEL = "-Owholemodule";
				VALIDATE_PRODUCT = YES;
			};
			name = Release;
		};
		15F0BB591F404FCC006F646E /* Debug */ = {
			isa = XCBuildConfiguration;
			buildSettings = {
				ASSETCATALOG_COMPILER_APPICON_NAME = AppIcon;
				DEVELOPMENT_TEAM = C6HVJ64EDS;
				INFOPLIST_FILE = Wheel/Info.plist;
				LD_RUNPATH_SEARCH_PATHS = "$(inherited) @executable_path/Frameworks";
				PRODUCT_BUNDLE_IDENTIFIER = olegtests.Wheel;
				PRODUCT_NAME = "$(TARGET_NAME)";
				SWIFT_VERSION = 3.0;
			};
			name = Debug;
		};
		15F0BB5A1F404FCC006F646E /* Release */ = {
			isa = XCBuildConfiguration;
			buildSettings = {
				ASSETCATALOG_COMPILER_APPICON_NAME = AppIcon;
				DEVELOPMENT_TEAM = C6HVJ64EDS;
				INFOPLIST_FILE = Wheel/Info.plist;
				LD_RUNPATH_SEARCH_PATHS = "$(inherited) @executable_path/Frameworks";
				PRODUCT_BUNDLE_IDENTIFIER = olegtests.Wheel;
				PRODUCT_NAME = "$(TARGET_NAME)";
				SWIFT_VERSION = 3.0;
			};
			name = Release;
		};
		15F0BB5C1F404FCC006F646E /* Debug */ = {
			isa = XCBuildConfiguration;
			buildSettings = {
				ALWAYS_EMBED_SWIFT_STANDARD_LIBRARIES = YES;
				BUNDLE_LOADER = "$(TEST_HOST)";
				DEVELOPMENT_TEAM = C6HVJ64EDS;
				INFOPLIST_FILE = WheelTests/Info.plist;
				LD_RUNPATH_SEARCH_PATHS = "$(inherited) @executable_path/Frameworks @loader_path/Frameworks";
				PRODUCT_BUNDLE_IDENTIFIER = olegtests.WheelTests;
				PRODUCT_NAME = "$(TARGET_NAME)";
				SWIFT_VERSION = 3.0;
				TEST_HOST = "$(BUILT_PRODUCTS_DIR)/Wheel.app/Wheel";
			};
			name = Debug;
		};
		15F0BB5D1F404FCC006F646E /* Release */ = {
			isa = XCBuildConfiguration;
			buildSettings = {
				ALWAYS_EMBED_SWIFT_STANDARD_LIBRARIES = YES;
				BUNDLE_LOADER = "$(TEST_HOST)";
				DEVELOPMENT_TEAM = C6HVJ64EDS;
				INFOPLIST_FILE = WheelTests/Info.plist;
				LD_RUNPATH_SEARCH_PATHS = "$(inherited) @executable_path/Frameworks @loader_path/Frameworks";
				PRODUCT_BUNDLE_IDENTIFIER = olegtests.WheelTests;
				PRODUCT_NAME = "$(TARGET_NAME)";
				SWIFT_VERSION = 3.0;
				TEST_HOST = "$(BUILT_PRODUCTS_DIR)/Wheel.app/Wheel";
			};
			name = Release;
		};
		15F0BB5F1F404FCC006F646E /* Debug */ = {
			isa = XCBuildConfiguration;
			buildSettings = {
				ALWAYS_EMBED_SWIFT_STANDARD_LIBRARIES = YES;
				DEVELOPMENT_TEAM = C6HVJ64EDS;
				INFOPLIST_FILE = WheelUITests/Info.plist;
				LD_RUNPATH_SEARCH_PATHS = "$(inherited) @executable_path/Frameworks @loader_path/Frameworks";
				PRODUCT_BUNDLE_IDENTIFIER = olegtests.WheelUITests;
				PRODUCT_NAME = "$(TARGET_NAME)";
				SWIFT_VERSION = 3.0;
				TEST_TARGET_NAME = Wheel;
			};
			name = Debug;
		};
		15F0BB601F404FCC006F646E /* Release */ = {
			isa = XCBuildConfiguration;
			buildSettings = {
				ALWAYS_EMBED_SWIFT_STANDARD_LIBRARIES = YES;
				DEVELOPMENT_TEAM = C6HVJ64EDS;
				INFOPLIST_FILE = WheelUITests/Info.plist;
				LD_RUNPATH_SEARCH_PATHS = "$(inherited) @executable_path/Frameworks @loader_path/Frameworks";
				PRODUCT_BUNDLE_IDENTIFIER = olegtests.WheelUITests;
				PRODUCT_NAME = "$(TARGET_NAME)";
				SWIFT_VERSION = 3.0;
				TEST_TARGET_NAME = Wheel;
			};
			name = Release;
		};
/* End XCBuildConfiguration section */

/* Begin XCConfigurationList section */
		15F0BB2B1F404FCC006F646E /* Build configuration list for PBXProject "Wheel" */ = {
			isa = XCConfigurationList;
			buildConfigurations = (
				15F0BB561F404FCC006F646E /* Debug */,
				15F0BB571F404FCC006F646E /* Release */,
			);
			defaultConfigurationIsVisible = 0;
			defaultConfigurationName = Release;
		};
		15F0BB581F404FCC006F646E /* Build configuration list for PBXNativeTarget "Wheel" */ = {
			isa = XCConfigurationList;
			buildConfigurations = (
				15F0BB591F404FCC006F646E /* Debug */,
				15F0BB5A1F404FCC006F646E /* Release */,
			);
			defaultConfigurationIsVisible = 0;
			defaultConfigurationName = Release;
		};
		15F0BB5B1F404FCC006F646E /* Build configuration list for PBXNativeTarget "WheelTests" */ = {
			isa = XCConfigurationList;
			buildConfigurations = (
				15F0BB5C1F404FCC006F646E /* Debug */,
				15F0BB5D1F404FCC006F646E /* Release */,
			);
			defaultConfigurationIsVisible = 0;
			defaultConfigurationName = Release;
		};
		15F0BB5E1F404FCC006F646E /* Build configuration list for PBXNativeTarget "WheelUITests" */ = {
			isa = XCConfigurationList;
			buildConfigurations = (
				15F0BB5F1F404FCC006F646E /* Debug */,
				15F0BB601F404FCC006F646E /* Release */,
			);
			defaultConfigurationIsVisible = 0;
			defaultConfigurationName = Release;
		};
/* End XCConfigurationList section */
	};
	rootObject = 15F0BB281F404FCC006F646E /* Project object */;
}
